// !$*UTF8*$!
{
	archiveVersion = 1;
	classes = {
	};
	objectVersion = 56;
	objects = {

/* Begin PBXBuildFile section */
		3D080F572BA016F0009C7D56 /* BusApp.swift in Sources */ = {isa = PBXBuildFile; fileRef = 3D080F562BA016F0009C7D56 /* BusApp.swift */; };
		3D080F592BA016F0009C7D56 /* ContentView.swift in Sources */ = {isa = PBXBuildFile; fileRef = 3D080F582BA016F0009C7D56 /* ContentView.swift */; };
		3D080F5B2BA016F2009C7D56 /* Assets.xcassets in Resources */ = {isa = PBXBuildFile; fileRef = 3D080F5A2BA016F2009C7D56 /* Assets.xcassets */; };
		3D080F5E2BA016F2009C7D56 /* Preview Assets.xcassets in Resources */ = {isa = PBXBuildFile; fileRef = 3D080F5D2BA016F2009C7D56 /* Preview Assets.xcassets */; };
		3D080F682BA01A05009C7D56 /* SplashScreen.swift in Sources */ = {isa = PBXBuildFile; fileRef = 3D080F672BA01A05009C7D56 /* SplashScreen.swift */; };
		3D080F6A2BA01D47009C7D56 /* Login.swift in Sources */ = {isa = PBXBuildFile; fileRef = 3D080F692BA01D47009C7D56 /* Login.swift */; };
		3D080F6F2BA044B0009C7D56 /* ReuseableTextField.swift in Sources */ = {isa = PBXBuildFile; fileRef = 3D080F6E2BA044B0009C7D56 /* ReuseableTextField.swift */; };
		3D080F712BA04E6B009C7D56 /* ReuseableButton.swift in Sources */ = {isa = PBXBuildFile; fileRef = 3D080F702BA04E6B009C7D56 /* ReuseableButton.swift */; };
		3D080F732BA095AD009C7D56 /* SignUp.swift in Sources */ = {isa = PBXBuildFile; fileRef = 3D080F722BA095AC009C7D56 /* SignUp.swift */; };
		3D080F752BA0AE0B009C7D56 /* FillInInformation.swift in Sources */ = {isa = PBXBuildFile; fileRef = 3D080F742BA0AE0B009C7D56 /* FillInInformation.swift */; };
		3D080F792BA1A988009C7D56 /* DateTimePickerTextField.swift in Sources */ = {isa = PBXBuildFile; fileRef = 3D080F782BA1A988009C7D56 /* DateTimePickerTextField.swift */; };
		3D080F7B2BA1B5E8009C7D56 /* NavigationManager.swift in Sources */ = {isa = PBXBuildFile; fileRef = 3D080F7A2BA1B5E8009C7D56 /* NavigationManager.swift */; };
		3D080F7F2BA7E638009C7D56 /* user.swift in Sources */ = {isa = PBXBuildFile; fileRef = 3D080F7E2BA7E638009C7D56 /* user.swift */; };
		3D080F812BA948CB009C7D56 /* ConfirmOTPMail.swift in Sources */ = {isa = PBXBuildFile; fileRef = 3D080F802BA948CB009C7D56 /* ConfirmOTPMail.swift */; };
		3D080F832BA9A6A5009C7D56 /* Response.swift in Sources */ = {isa = PBXBuildFile; fileRef = 3D080F822BA9A6A5009C7D56 /* Response.swift */; };
		3D080F852BA9CFC0009C7D56 /* Toast.swift in Sources */ = {isa = PBXBuildFile; fileRef = 3D080F842BA9CFC0009C7D56 /* Toast.swift */; };
		3D080F872BAC8113009C7D56 /* GenderField.swift in Sources */ = {isa = PBXBuildFile; fileRef = 3D080F862BAC8113009C7D56 /* GenderField.swift */; };
		3D1FB5E22BBE29A8007711FE /* QRCodeFetching.swift in Sources */ = {isa = PBXBuildFile; fileRef = 3D1FB5E12BBE29A8007711FE /* QRCodeFetching.swift */; };
		3D3B3ADE2BBEA06E00627F37 /* Money.swift in Sources */ = {isa = PBXBuildFile; fileRef = 3D3B3ADD2BBEA06E00627F37 /* Money.swift */; };
		3D3B3AE02BBEAAE400627F37 /* Denomination.swift in Sources */ = {isa = PBXBuildFile; fileRef = 3D3B3ADF2BBEAAE400627F37 /* Denomination.swift */; };
		3D3CF7A82BB113610016B916 /* TabViewNavigation.swift in Sources */ = {isa = PBXBuildFile; fileRef = 3D3CF7A72BB113610016B916 /* TabViewNavigation.swift */; };
		3D3CF7AA2BB11B730016B916 /* Home.swift in Sources */ = {isa = PBXBuildFile; fileRef = 3D3CF7A92BB11B730016B916 /* Home.swift */; };
		3D3CF7AC2BB11F1C0016B916 /* Payment.swift in Sources */ = {isa = PBXBuildFile; fileRef = 3D3CF7AB2BB11F1C0016B916 /* Payment.swift */; };
		3D3CF7AE2BB11F290016B916 /* Route.swift in Sources */ = {isa = PBXBuildFile; fileRef = 3D3CF7AD2BB11F290016B916 /* Route.swift */; };
		3D3CF7B02BB11F320016B916 /* Account.swift in Sources */ = {isa = PBXBuildFile; fileRef = 3D3CF7AF2BB11F320016B916 /* Account.swift */; };
		3D3CF7B22BB124FE0016B916 /* ReusableImage.swift in Sources */ = {isa = PBXBuildFile; fileRef = 3D3CF7B12BB124FE0016B916 /* ReusableImage.swift */; };
		3D3CF7B42BB16B620016B916 /* ReusableSearchbar.swift in Sources */ = {isa = PBXBuildFile; fileRef = 3D3CF7B32BB16B620016B916 /* ReusableSearchbar.swift */; };
		3D3CF7B62BB17B640016B916 /* ReusableFunc.swift in Sources */ = {isa = PBXBuildFile; fileRef = 3D3CF7B52BB17B630016B916 /* ReusableFunc.swift */; };
		3D3CF7BA2BB18F4A0016B916 /* NotoSerifDisplay-VariableFont_wdth,wght.ttf in Resources */ = {isa = PBXBuildFile; fileRef = 3D3CF7B92BB18F4A0016B916 /* NotoSerifDisplay-VariableFont_wdth,wght.ttf */; };
		3D3CF7BC2BB190EE0016B916 /* PlayfairDisplay-Regular.ttf in Resources */ = {isa = PBXBuildFile; fileRef = 3D3CF7BB2BB190EE0016B916 /* PlayfairDisplay-Regular.ttf */; };
		3D3CF7BE2BB1917D0016B916 /* PlayfairDisplay-SemiBold.ttf in Resources */ = {isa = PBXBuildFile; fileRef = 3D3CF7BD2BB1917D0016B916 /* PlayfairDisplay-SemiBold.ttf */; };
		3D3CF7C02BB31A980016B916 /* RouteRow.swift in Sources */ = {isa = PBXBuildFile; fileRef = 3D3CF7BF2BB31A980016B916 /* RouteRow.swift */; };
		3D3CF7C22BB3BAF60016B916 /* BusRoute.swift in Sources */ = {isa = PBXBuildFile; fileRef = 3D3CF7C12BB3BAF60016B916 /* BusRoute.swift */; };
		3D3CF7C52BB3BC7F0016B916 /* BusRoutesApi.swift in Sources */ = {isa = PBXBuildFile; fileRef = 3D3CF7C42BB3BC7F0016B916 /* BusRoutesApi.swift */; };
		3D78A9CD2BB63DD2005ED9B4 /* StopRoute.swift in Sources */ = {isa = PBXBuildFile; fileRef = 3D78A9CC2BB63DD2005ED9B4 /* StopRoute.swift */; };
		3D78A9CF2BB6715B005ED9B4 /* LoginApi.swift in Sources */ = {isa = PBXBuildFile; fileRef = 3D78A9CE2BB6715B005ED9B4 /* LoginApi.swift */; };
		3D78A9D12BB70302005ED9B4 /* BusRouteDetailApi.swift in Sources */ = {isa = PBXBuildFile; fileRef = 3D78A9D02BB70302005ED9B4 /* BusRouteDetailApi.swift */; };
		3D78A9D32BB7041C005ED9B4 /* BusRouteDetail.swift in Sources */ = {isa = PBXBuildFile; fileRef = 3D78A9D22BB7041C005ED9B4 /* BusRouteDetail.swift */; };
		3D78A9D52BB7C416005ED9B4 /* DataHolder.swift in Sources */ = {isa = PBXBuildFile; fileRef = 3D78A9D42BB7C416005ED9B4 /* DataHolder.swift */; };
		3D78A9D72BB92ADA005ED9B4 /* BusRouteViewModel.swift in Sources */ = {isa = PBXBuildFile; fileRef = 3D78A9D62BB92ADA005ED9B4 /* BusRouteViewModel.swift */; };
		3D78A9D92BB9445A005ED9B4 /* CombinedBusRoutesAPI.swift in Sources */ = {isa = PBXBuildFile; fileRef = 3D78A9D82BB9445A005ED9B4 /* CombinedBusRoutesAPI.swift */; };
		3D78A9DB2BB97355005ED9B4 /* demoView.swift in Sources */ = {isa = PBXBuildFile; fileRef = 3D78A9DA2BB97355005ED9B4 /* demoView.swift */; };
		3DE687E52BBB10FA00C89FE3 /* SlidingTabView in Frameworks */ = {isa = PBXBuildFile; productRef = 3DE687E42BBB10FA00C89FE3 /* SlidingTabView */; };
		3DE687E82BBBA4E000C89FE3 /* InforRoute.swift in Sources */ = {isa = PBXBuildFile; fileRef = 3DE687E72BBBA4E000C89FE3 /* InforRoute.swift */; };
		3DE687EA2BBBF28C00C89FE3 /* BarBackCustom.swift in Sources */ = {isa = PBXBuildFile; fileRef = 3DE687E92BBBF28C00C89FE3 /* BarBackCustom.swift */; };
		3DE687EC2BBC010700C89FE3 /* WidthSpacer.swift in Sources */ = {isa = PBXBuildFile; fileRef = 3DE687EB2BBC010700C89FE3 /* WidthSpacer.swift */; };
		3DF325D12BB4FA0700BD62A1 /* Balance.swift in Sources */ = {isa = PBXBuildFile; fileRef = 3DF325D02BB4FA0700BD62A1 /* Balance.swift */; };
		3DF325D32BB57E7600BD62A1 /* DetailBusRoute.swift in Sources */ = {isa = PBXBuildFile; fileRef = 3DF325D22BB57E7600BD62A1 /* DetailBusRoute.swift */; };
		3DF325D52BB581DD00BD62A1 /* TopTabNavigation.swift in Sources */ = {isa = PBXBuildFile; fileRef = 3DF325D42BB581DD00BD62A1 /* TopTabNavigation.swift */; };
		3DF325D72BB5A5FF00BD62A1 /* CustomRowStopStatic.swift in Sources */ = {isa = PBXBuildFile; fileRef = 3DF325D62BB5A5FE00BD62A1 /* CustomRowStopStatic.swift */; };
/* End PBXBuildFile section */

/* Begin PBXFileReference section */
		3D080F532BA016F0009C7D56 /* Bus.app */ = {isa = PBXFileReference; explicitFileType = wrapper.application; includeInIndex = 0; path = Bus.app; sourceTree = BUILT_PRODUCTS_DIR; };
		3D080F562BA016F0009C7D56 /* BusApp.swift */ = {isa = PBXFileReference; lastKnownFileType = sourcecode.swift; path = BusApp.swift; sourceTree = "<group>"; };
		3D080F582BA016F0009C7D56 /* ContentView.swift */ = {isa = PBXFileReference; lastKnownFileType = sourcecode.swift; path = ContentView.swift; sourceTree = "<group>"; };
		3D080F5A2BA016F2009C7D56 /* Assets.xcassets */ = {isa = PBXFileReference; lastKnownFileType = folder.assetcatalog; path = Assets.xcassets; sourceTree = "<group>"; };
		3D080F5D2BA016F2009C7D56 /* Preview Assets.xcassets */ = {isa = PBXFileReference; lastKnownFileType = folder.assetcatalog; path = "Preview Assets.xcassets"; sourceTree = "<group>"; };
		3D080F672BA01A05009C7D56 /* SplashScreen.swift */ = {isa = PBXFileReference; lastKnownFileType = sourcecode.swift; path = SplashScreen.swift; sourceTree = "<group>"; };
		3D080F692BA01D47009C7D56 /* Login.swift */ = {isa = PBXFileReference; lastKnownFileType = sourcecode.swift; path = Login.swift; sourceTree = "<group>"; };
		3D080F6E2BA044B0009C7D56 /* ReuseableTextField.swift */ = {isa = PBXFileReference; lastKnownFileType = sourcecode.swift; path = ReuseableTextField.swift; sourceTree = "<group>"; };
		3D080F702BA04E6B009C7D56 /* ReuseableButton.swift */ = {isa = PBXFileReference; lastKnownFileType = sourcecode.swift; path = ReuseableButton.swift; sourceTree = "<group>"; };
		3D080F722BA095AC009C7D56 /* SignUp.swift */ = {isa = PBXFileReference; lastKnownFileType = sourcecode.swift; path = SignUp.swift; sourceTree = "<group>"; };
		3D080F742BA0AE0B009C7D56 /* FillInInformation.swift */ = {isa = PBXFileReference; lastKnownFileType = sourcecode.swift; path = FillInInformation.swift; sourceTree = "<group>"; };
		3D080F782BA1A988009C7D56 /* DateTimePickerTextField.swift */ = {isa = PBXFileReference; lastKnownFileType = sourcecode.swift; path = DateTimePickerTextField.swift; sourceTree = "<group>"; };
		3D080F7A2BA1B5E8009C7D56 /* NavigationManager.swift */ = {isa = PBXFileReference; lastKnownFileType = sourcecode.swift; path = NavigationManager.swift; sourceTree = "<group>"; };
		3D080F7E2BA7E638009C7D56 /* user.swift */ = {isa = PBXFileReference; lastKnownFileType = sourcecode.swift; path = user.swift; sourceTree = "<group>"; };
		3D080F802BA948CB009C7D56 /* ConfirmOTPMail.swift */ = {isa = PBXFileReference; lastKnownFileType = sourcecode.swift; path = ConfirmOTPMail.swift; sourceTree = "<group>"; };
		3D080F822BA9A6A5009C7D56 /* Response.swift */ = {isa = PBXFileReference; lastKnownFileType = sourcecode.swift; path = Response.swift; sourceTree = "<group>"; };
		3D080F842BA9CFC0009C7D56 /* Toast.swift */ = {isa = PBXFileReference; lastKnownFileType = sourcecode.swift; path = Toast.swift; sourceTree = "<group>"; };
		3D080F862BAC8113009C7D56 /* GenderField.swift */ = {isa = PBXFileReference; lastKnownFileType = sourcecode.swift; path = GenderField.swift; sourceTree = "<group>"; };
		3D1FB5E12BBE29A8007711FE /* QRCodeFetching.swift */ = {isa = PBXFileReference; lastKnownFileType = sourcecode.swift; path = QRCodeFetching.swift; sourceTree = "<group>"; };
		3D3B3ADD2BBEA06E00627F37 /* Money.swift */ = {isa = PBXFileReference; lastKnownFileType = sourcecode.swift; path = Money.swift; sourceTree = "<group>"; };
		3D3B3ADF2BBEAAE400627F37 /* Denomination.swift */ = {isa = PBXFileReference; lastKnownFileType = sourcecode.swift; path = Denomination.swift; sourceTree = "<group>"; };
		3D3CF7A72BB113610016B916 /* TabViewNavigation.swift */ = {isa = PBXFileReference; lastKnownFileType = sourcecode.swift; path = TabViewNavigation.swift; sourceTree = "<group>"; };
		3D3CF7A92BB11B730016B916 /* Home.swift */ = {isa = PBXFileReference; lastKnownFileType = sourcecode.swift; path = Home.swift; sourceTree = "<group>"; };
		3D3CF7AB2BB11F1C0016B916 /* Payment.swift */ = {isa = PBXFileReference; lastKnownFileType = sourcecode.swift; path = Payment.swift; sourceTree = "<group>"; };
		3D3CF7AD2BB11F290016B916 /* Route.swift */ = {isa = PBXFileReference; lastKnownFileType = sourcecode.swift; path = Route.swift; sourceTree = "<group>"; };
		3D3CF7AF2BB11F320016B916 /* Account.swift */ = {isa = PBXFileReference; lastKnownFileType = sourcecode.swift; path = Account.swift; sourceTree = "<group>"; };
		3D3CF7B12BB124FE0016B916 /* ReusableImage.swift */ = {isa = PBXFileReference; lastKnownFileType = sourcecode.swift; path = ReusableImage.swift; sourceTree = "<group>"; };
		3D3CF7B32BB16B620016B916 /* ReusableSearchbar.swift */ = {isa = PBXFileReference; lastKnownFileType = sourcecode.swift; path = ReusableSearchbar.swift; sourceTree = "<group>"; };
		3D3CF7B52BB17B630016B916 /* ReusableFunc.swift */ = {isa = PBXFileReference; lastKnownFileType = sourcecode.swift; path = ReusableFunc.swift; sourceTree = "<group>"; };
		3D3CF7B82BB189A40016B916 /* PlayfairDisplay-VariableFont_wght.ttf */ = {isa = PBXFileReference; lastKnownFileType = file; path = "PlayfairDisplay-VariableFont_wght.ttf"; sourceTree = "<group>"; };
		3D3CF7B92BB18F4A0016B916 /* NotoSerifDisplay-VariableFont_wdth,wght.ttf */ = {isa = PBXFileReference; lastKnownFileType = file; path = "NotoSerifDisplay-VariableFont_wdth,wght.ttf"; sourceTree = "<group>"; };
		3D3CF7BB2BB190EE0016B916 /* PlayfairDisplay-Regular.ttf */ = {isa = PBXFileReference; lastKnownFileType = file; path = "PlayfairDisplay-Regular.ttf"; sourceTree = "<group>"; };
		3D3CF7BD2BB1917D0016B916 /* PlayfairDisplay-SemiBold.ttf */ = {isa = PBXFileReference; lastKnownFileType = file; path = "PlayfairDisplay-SemiBold.ttf"; sourceTree = "<group>"; };
		3D3CF7BF2BB31A980016B916 /* RouteRow.swift */ = {isa = PBXFileReference; lastKnownFileType = sourcecode.swift; path = RouteRow.swift; sourceTree = "<group>"; };
		3D3CF7C12BB3BAF60016B916 /* BusRoute.swift */ = {isa = PBXFileReference; lastKnownFileType = sourcecode.swift; path = BusRoute.swift; sourceTree = "<group>"; };
		3D3CF7C42BB3BC7F0016B916 /* BusRoutesApi.swift */ = {isa = PBXFileReference; lastKnownFileType = sourcecode.swift; path = BusRoutesApi.swift; sourceTree = "<group>"; };
		3D78A9CC2BB63DD2005ED9B4 /* StopRoute.swift */ = {isa = PBXFileReference; lastKnownFileType = sourcecode.swift; path = StopRoute.swift; sourceTree = "<group>"; };
		3D78A9CE2BB6715B005ED9B4 /* LoginApi.swift */ = {isa = PBXFileReference; lastKnownFileType = sourcecode.swift; path = LoginApi.swift; sourceTree = "<group>"; };
		3D78A9D02BB70302005ED9B4 /* BusRouteDetailApi.swift */ = {isa = PBXFileReference; lastKnownFileType = sourcecode.swift; path = BusRouteDetailApi.swift; sourceTree = "<group>"; };
		3D78A9D22BB7041C005ED9B4 /* BusRouteDetail.swift */ = {isa = PBXFileReference; lastKnownFileType = sourcecode.swift; path = BusRouteDetail.swift; sourceTree = "<group>"; };
		3D78A9D42BB7C416005ED9B4 /* DataHolder.swift */ = {isa = PBXFileReference; lastKnownFileType = sourcecode.swift; path = DataHolder.swift; sourceTree = "<group>"; };
		3D78A9D62BB92ADA005ED9B4 /* BusRouteViewModel.swift */ = {isa = PBXFileReference; lastKnownFileType = sourcecode.swift; path = BusRouteViewModel.swift; sourceTree = "<group>"; };
		3D78A9D82BB9445A005ED9B4 /* CombinedBusRoutesAPI.swift */ = {isa = PBXFileReference; lastKnownFileType = sourcecode.swift; path = CombinedBusRoutesAPI.swift; sourceTree = "<group>"; };
		3D78A9DA2BB97355005ED9B4 /* demoView.swift */ = {isa = PBXFileReference; lastKnownFileType = sourcecode.swift; path = demoView.swift; sourceTree = "<group>"; };
		3DD112D12BAD2B18005D6575 /* Info.plist */ = {isa = PBXFileReference; lastKnownFileType = text.plist; path = Info.plist; sourceTree = "<group>"; };
		3DE687E72BBBA4E000C89FE3 /* InforRoute.swift */ = {isa = PBXFileReference; lastKnownFileType = sourcecode.swift; path = InforRoute.swift; sourceTree = "<group>"; };
		3DE687E92BBBF28C00C89FE3 /* BarBackCustom.swift */ = {isa = PBXFileReference; lastKnownFileType = sourcecode.swift; path = BarBackCustom.swift; sourceTree = "<group>"; };
		3DE687EB2BBC010700C89FE3 /* WidthSpacer.swift */ = {isa = PBXFileReference; lastKnownFileType = sourcecode.swift; path = WidthSpacer.swift; sourceTree = "<group>"; };
		3DF325D02BB4FA0700BD62A1 /* Balance.swift */ = {isa = PBXFileReference; lastKnownFileType = sourcecode.swift; path = Balance.swift; sourceTree = "<group>"; };
		3DF325D22BB57E7600BD62A1 /* DetailBusRoute.swift */ = {isa = PBXFileReference; lastKnownFileType = sourcecode.swift; path = DetailBusRoute.swift; sourceTree = "<group>"; };
		3DF325D42BB581DD00BD62A1 /* TopTabNavigation.swift */ = {isa = PBXFileReference; lastKnownFileType = sourcecode.swift; path = TopTabNavigation.swift; sourceTree = "<group>"; };
		3DF325D62BB5A5FE00BD62A1 /* CustomRowStopStatic.swift */ = {isa = PBXFileReference; lastKnownFileType = sourcecode.swift; path = CustomRowStopStatic.swift; sourceTree = "<group>"; };
/* End PBXFileReference section */

/* Begin PBXFrameworksBuildPhase section */
		3D080F502BA016F0009C7D56 /* Frameworks */ = {
			isa = PBXFrameworksBuildPhase;
			buildActionMask = 2147483647;
			files = (
				3DE687E52BBB10FA00C89FE3 /* SlidingTabView in Frameworks */,
			);
			runOnlyForDeploymentPostprocessing = 0;
		};
/* End PBXFrameworksBuildPhase section */

/* Begin PBXGroup section */
		3D080F4A2BA016F0009C7D56 = {
			isa = PBXGroup;
			children = (
				3D080F552BA016F0009C7D56 /* Bus */,
				3D080F542BA016F0009C7D56 /* Products */,
			);
			sourceTree = "<group>";
		};
		3D080F542BA016F0009C7D56 /* Products */ = {
			isa = PBXGroup;
			children = (
				3D080F532BA016F0009C7D56 /* Bus.app */,
			);
			name = Products;
			sourceTree = "<group>";
		};
		3D080F552BA016F0009C7D56 /* Bus */ = {
			isa = PBXGroup;
			children = (
				3D3CF7B72BB189930016B916 /* Fonts */,
				3DD112D12BAD2B18005D6575 /* Info.plist */,
				3D080F562BA016F0009C7D56 /* BusApp.swift */,
				3D080F7A2BA1B5E8009C7D56 /* NavigationManager.swift */,
				3D78A9D42BB7C416005ED9B4 /* DataHolder.swift */,
				3D080F6B2BA04450009C7D56 /* Reuseable */,
				3D080F642BA0194E009C7D56 /* Views */,
				3D080F7D2BA7E5BD009C7D56 /* Models */,
				3D080F5A2BA016F2009C7D56 /* Assets.xcassets */,
				3D080F5C2BA016F2009C7D56 /* Preview Content */,
			);
			path = Bus;
			sourceTree = "<group>";
		};
		3D080F5C2BA016F2009C7D56 /* Preview Content */ = {
			isa = PBXGroup;
			children = (
				3D080F5D2BA016F2009C7D56 /* Preview Assets.xcassets */,
			);
			path = "Preview Content";
			sourceTree = "<group>";
		};
		3D080F642BA0194E009C7D56 /* Views */ = {
			isa = PBXGroup;
			children = (
				3D78A9CB2BB63DB6005ED9B4 /* navigationScreen */,
				3D3CF7A62BB1134D0016B916 /* components */,
				3D080F582BA016F0009C7D56 /* ContentView.swift */,
				3D080F672BA01A05009C7D56 /* SplashScreen.swift */,
				3D080F692BA01D47009C7D56 /* Login.swift */,
				3D080F722BA095AC009C7D56 /* SignUp.swift */,
				3D080F742BA0AE0B009C7D56 /* FillInInformation.swift */,
				3D080F802BA948CB009C7D56 /* ConfirmOTPMail.swift */,
				3D3CF7A72BB113610016B916 /* TabViewNavigation.swift */,
				3DF325D22BB57E7600BD62A1 /* DetailBusRoute.swift */,
				3D78A9DA2BB97355005ED9B4 /* demoView.swift */,
				3D3B3ADD2BBEA06E00627F37 /* Money.swift */,
			);
			path = Views;
			sourceTree = "<group>";
		};
		3D080F6B2BA04450009C7D56 /* Reuseable */ = {
			isa = PBXGroup;
			children = (
				3DE687E62BBBA09D00C89FE3 /* components */,
				3D080F6E2BA044B0009C7D56 /* ReuseableTextField.swift */,
				3D080F702BA04E6B009C7D56 /* ReuseableButton.swift */,
				3D080F782BA1A988009C7D56 /* DateTimePickerTextField.swift */,
				3D080F842BA9CFC0009C7D56 /* Toast.swift */,
				3D080F862BAC8113009C7D56 /* GenderField.swift */,
				3D3CF7B12BB124FE0016B916 /* ReusableImage.swift */,
				3D3CF7B32BB16B620016B916 /* ReusableSearchbar.swift */,
				3D3CF7B52BB17B630016B916 /* ReusableFunc.swift */,
				3D3CF7BF2BB31A980016B916 /* RouteRow.swift */,
				3DF325D02BB4FA0700BD62A1 /* Balance.swift */,
				3DF325D42BB581DD00BD62A1 /* TopTabNavigation.swift */,
				3DF325D62BB5A5FE00BD62A1 /* CustomRowStopStatic.swift */,
				3DE687E92BBBF28C00C89FE3 /* BarBackCustom.swift */,
				3DE687EB2BBC010700C89FE3 /* WidthSpacer.swift */,
				3D3B3ADF2BBEAAE400627F37 /* Denomination.swift */,
			);
			path = Reuseable;
			sourceTree = "<group>";
		};
		3D080F7D2BA7E5BD009C7D56 /* Models */ = {
			isa = PBXGroup;
			children = (
				3D3CF7C32BB3BC130016B916 /* api */,
				3D080F7E2BA7E638009C7D56 /* user.swift */,
				3D080F822BA9A6A5009C7D56 /* Response.swift */,
				3D3CF7C12BB3BAF60016B916 /* BusRoute.swift */,
				3D78A9D22BB7041C005ED9B4 /* BusRouteDetail.swift */,
				3D1FB5E12BBE29A8007711FE /* QRCodeFetching.swift */,
			);
			path = Models;
			sourceTree = "<group>";
		};
		3D3CF7A62BB1134D0016B916 /* components */ = {
			isa = PBXGroup;
			children = (
				3D3CF7A92BB11B730016B916 /* Home.swift */,
				3D3CF7AB2BB11F1C0016B916 /* Payment.swift */,
				3D3CF7AD2BB11F290016B916 /* Route.swift */,
				3D3CF7AF2BB11F320016B916 /* Account.swift */,
			);
			path = components;
			sourceTree = "<group>";
		};
		3D3CF7B72BB189930016B916 /* Fonts */ = {
			isa = PBXGroup;
			children = (
				3D3CF7BB2BB190EE0016B916 /* PlayfairDisplay-Regular.ttf */,
				3D3CF7B92BB18F4A0016B916 /* NotoSerifDisplay-VariableFont_wdth,wght.ttf */,
				3D3CF7B82BB189A40016B916 /* PlayfairDisplay-VariableFont_wght.ttf */,
				3D3CF7BD2BB1917D0016B916 /* PlayfairDisplay-SemiBold.ttf */,
			);
			path = Fonts;
			sourceTree = "<group>";
		};
		3D3CF7C32BB3BC130016B916 /* api */ = {
			isa = PBXGroup;
			children = (
				3D3CF7C42BB3BC7F0016B916 /* BusRoutesApi.swift */,
				3D78A9CE2BB6715B005ED9B4 /* LoginApi.swift */,
				3D78A9D02BB70302005ED9B4 /* BusRouteDetailApi.swift */,
				3D78A9D62BB92ADA005ED9B4 /* BusRouteViewModel.swift */,
				3D78A9D82BB9445A005ED9B4 /* CombinedBusRoutesAPI.swift */,
			);
			path = api;
			sourceTree = "<group>";
		};
		3D78A9CB2BB63DB6005ED9B4 /* navigationScreen */ = {
			isa = PBXGroup;
			children = (
				3D78A9CC2BB63DD2005ED9B4 /* StopRoute.swift */,
				3DE687E72BBBA4E000C89FE3 /* InforRoute.swift */,
			);
			path = navigationScreen;
			sourceTree = "<group>";
		};
		3DE687E62BBBA09D00C89FE3 /* components */ = {
			isa = PBXGroup;
			children = (
			);
			path = components;
			sourceTree = "<group>";
		};
/* End PBXGroup section */

/* Begin PBXNativeTarget section */
		3D080F522BA016F0009C7D56 /* Bus */ = {
			isa = PBXNativeTarget;
			buildConfigurationList = 3D080F612BA016F2009C7D56 /* Build configuration list for PBXNativeTarget "Bus" */;
			buildPhases = (
				3D080F4F2BA016F0009C7D56 /* Sources */,
				3D080F502BA016F0009C7D56 /* Frameworks */,
				3D080F512BA016F0009C7D56 /* Resources */,
			);
			buildRules = (
			);
			dependencies = (
			);
			name = Bus;
			packageProductDependencies = (
				3DE687E42BBB10FA00C89FE3 /* SlidingTabView */,
			);
			productName = Bus;
			productReference = 3D080F532BA016F0009C7D56 /* Bus.app */;
			productType = "com.apple.product-type.application";
		};
/* End PBXNativeTarget section */

/* Begin PBXProject section */
		3D080F4B2BA016F0009C7D56 /* Project object */ = {
			isa = PBXProject;
			attributes = {
				BuildIndependentTargetsInParallel = 1;
				LastSwiftUpdateCheck = 1430;
				LastUpgradeCheck = 1430;
				TargetAttributes = {
					3D080F522BA016F0009C7D56 = {
						CreatedOnToolsVersion = 14.3.1;
					};
				};
			};
			buildConfigurationList = 3D080F4E2BA016F0009C7D56 /* Build configuration list for PBXProject "Bus" */;
			compatibilityVersion = "Xcode 14.0";
			developmentRegion = en;
			hasScannedForEncodings = 0;
			knownRegions = (
				en,
				Base,
			);
			mainGroup = 3D080F4A2BA016F0009C7D56;
			packageReferences = (
				3DE687E32BBB10FA00C89FE3 /* XCRemoteSwiftPackageReference "SlidingTabView" */,
			);
			productRefGroup = 3D080F542BA016F0009C7D56 /* Products */;
			projectDirPath = "";
			projectRoot = "";
			targets = (
				3D080F522BA016F0009C7D56 /* Bus */,
			);
		};
/* End PBXProject section */

/* Begin PBXResourcesBuildPhase section */
		3D080F512BA016F0009C7D56 /* Resources */ = {
			isa = PBXResourcesBuildPhase;
			buildActionMask = 2147483647;
			files = (
				3D3CF7BC2BB190EE0016B916 /* PlayfairDisplay-Regular.ttf in Resources */,
				3D080F5E2BA016F2009C7D56 /* Preview Assets.xcassets in Resources */,
				3D3CF7BE2BB1917D0016B916 /* PlayfairDisplay-SemiBold.ttf in Resources */,
				3D080F5B2BA016F2009C7D56 /* Assets.xcassets in Resources */,
				3D3CF7BA2BB18F4A0016B916 /* NotoSerifDisplay-VariableFont_wdth,wght.ttf in Resources */,
			);
			runOnlyForDeploymentPostprocessing = 0;
		};
/* End PBXResourcesBuildPhase section */

/* Begin PBXSourcesBuildPhase section */
		3D080F4F2BA016F0009C7D56 /* Sources */ = {
			isa = PBXSourcesBuildPhase;
			buildActionMask = 2147483647;
			files = (
				3D3CF7C02BB31A980016B916 /* RouteRow.swift in Sources */,
				3D080F732BA095AD009C7D56 /* SignUp.swift in Sources */,
				3D080F682BA01A05009C7D56 /* SplashScreen.swift in Sources */,
				3D080F592BA016F0009C7D56 /* ContentView.swift in Sources */,
				3D080F872BAC8113009C7D56 /* GenderField.swift in Sources */,
				3D3CF7B42BB16B620016B916 /* ReusableSearchbar.swift in Sources */,
				3D78A9D12BB70302005ED9B4 /* BusRouteDetailApi.swift in Sources */,
				3DE687EA2BBBF28C00C89FE3 /* BarBackCustom.swift in Sources */,
				3D080F812BA948CB009C7D56 /* ConfirmOTPMail.swift in Sources */,
				3D1FB5E22BBE29A8007711FE /* QRCodeFetching.swift in Sources */,
				3D3CF7B02BB11F320016B916 /* Account.swift in Sources */,
				3D78A9D32BB7041C005ED9B4 /* BusRouteDetail.swift in Sources */,
				3D080F572BA016F0009C7D56 /* BusApp.swift in Sources */,
				3D3CF7AA2BB11B730016B916 /* Home.swift in Sources */,
				3D080F6F2BA044B0009C7D56 /* ReuseableTextField.swift in Sources */,
				3D3CF7C52BB3BC7F0016B916 /* BusRoutesApi.swift in Sources */,
				3D080F832BA9A6A5009C7D56 /* Response.swift in Sources */,
				3D78A9DB2BB97355005ED9B4 /* demoView.swift in Sources */,
				3DF325D12BB4FA0700BD62A1 /* Balance.swift in Sources */,
				3DE687E82BBBA4E000C89FE3 /* InforRoute.swift in Sources */,
				3D080F712BA04E6B009C7D56 /* ReuseableButton.swift in Sources */,
				3DF325D32BB57E7600BD62A1 /* DetailBusRoute.swift in Sources */,
				3D080F792BA1A988009C7D56 /* DateTimePickerTextField.swift in Sources */,
				3D78A9D92BB9445A005ED9B4 /* CombinedBusRoutesAPI.swift in Sources */,
				3DF325D72BB5A5FF00BD62A1 /* CustomRowStopStatic.swift in Sources */,
				3D3CF7A82BB113610016B916 /* TabViewNavigation.swift in Sources */,
				3D3B3AE02BBEAAE400627F37 /* Denomination.swift in Sources */,
				3D080F752BA0AE0B009C7D56 /* FillInInformation.swift in Sources */,
				3D78A9CD2BB63DD2005ED9B4 /* StopRoute.swift in Sources */,
				3D3CF7B22BB124FE0016B916 /* ReusableImage.swift in Sources */,
				3D3CF7C22BB3BAF60016B916 /* BusRoute.swift in Sources */,
				3D080F6A2BA01D47009C7D56 /* Login.swift in Sources */,
				3D78A9D52BB7C416005ED9B4 /* DataHolder.swift in Sources */,
				3D080F7F2BA7E638009C7D56 /* user.swift in Sources */,
				3DE687EC2BBC010700C89FE3 /* WidthSpacer.swift in Sources */,
				3DF325D52BB581DD00BD62A1 /* TopTabNavigation.swift in Sources */,
				3D080F7B2BA1B5E8009C7D56 /* NavigationManager.swift in Sources */,
				3D3CF7AC2BB11F1C0016B916 /* Payment.swift in Sources */,
				3D78A9CF2BB6715B005ED9B4 /* LoginApi.swift in Sources */,
				3D080F852BA9CFC0009C7D56 /* Toast.swift in Sources */,
				3D3B3ADE2BBEA06E00627F37 /* Money.swift in Sources */,
				3D3CF7AE2BB11F290016B916 /* Route.swift in Sources */,
				3D3CF7B62BB17B640016B916 /* ReusableFunc.swift in Sources */,
				3D78A9D72BB92ADA005ED9B4 /* BusRouteViewModel.swift in Sources */,
			);
			runOnlyForDeploymentPostprocessing = 0;
		};
/* End PBXSourcesBuildPhase section */

/* Begin XCBuildConfiguration section */
		3D080F5F2BA016F2009C7D56 /* Debug */ = {
			isa = XCBuildConfiguration;
			buildSettings = {
				ALWAYS_SEARCH_USER_PATHS = NO;
				CLANG_ANALYZER_NONNULL = YES;
				CLANG_ANALYZER_NUMBER_OBJECT_CONVERSION = YES_AGGRESSIVE;
				CLANG_CXX_LANGUAGE_STANDARD = "gnu++20";
				CLANG_ENABLE_MODULES = YES;
				CLANG_ENABLE_OBJC_ARC = YES;
				CLANG_ENABLE_OBJC_WEAK = YES;
				CLANG_WARN_BLOCK_CAPTURE_AUTORELEASING = YES;
				CLANG_WARN_BOOL_CONVERSION = YES;
				CLANG_WARN_COMMA = YES;
				CLANG_WARN_CONSTANT_CONVERSION = YES;
				CLANG_WARN_DEPRECATED_OBJC_IMPLEMENTATIONS = YES;
				CLANG_WARN_DIRECT_OBJC_ISA_USAGE = YES_ERROR;
				CLANG_WARN_DOCUMENTATION_COMMENTS = YES;
				CLANG_WARN_EMPTY_BODY = YES;
				CLANG_WARN_ENUM_CONVERSION = YES;
				CLANG_WARN_INFINITE_RECURSION = YES;
				CLANG_WARN_INT_CONVERSION = YES;
				CLANG_WARN_NON_LITERAL_NULL_CONVERSION = YES;
				CLANG_WARN_OBJC_IMPLICIT_RETAIN_SELF = YES;
				CLANG_WARN_OBJC_LITERAL_CONVERSION = YES;
				CLANG_WARN_OBJC_ROOT_CLASS = YES_ERROR;
				CLANG_WARN_QUOTED_INCLUDE_IN_FRAMEWORK_HEADER = YES;
				CLANG_WARN_RANGE_LOOP_ANALYSIS = YES;
				CLANG_WARN_STRICT_PROTOTYPES = YES;
				CLANG_WARN_SUSPICIOUS_MOVE = YES;
				CLANG_WARN_UNGUARDED_AVAILABILITY = YES_AGGRESSIVE;
				CLANG_WARN_UNREACHABLE_CODE = YES;
				CLANG_WARN__DUPLICATE_METHOD_MATCH = YES;
				COPY_PHASE_STRIP = NO;
				DEBUG_INFORMATION_FORMAT = dwarf;
				ENABLE_STRICT_OBJC_MSGSEND = YES;
				ENABLE_TESTABILITY = YES;
				GCC_C_LANGUAGE_STANDARD = gnu11;
				GCC_DYNAMIC_NO_PIC = NO;
				GCC_NO_COMMON_BLOCKS = YES;
				GCC_OPTIMIZATION_LEVEL = 0;
				GCC_PREPROCESSOR_DEFINITIONS = (
					"DEBUG=1",
					"$(inherited)",
				);
				GCC_WARN_64_TO_32_BIT_CONVERSION = YES;
				GCC_WARN_ABOUT_RETURN_TYPE = YES_ERROR;
				GCC_WARN_UNDECLARED_SELECTOR = YES;
				GCC_WARN_UNINITIALIZED_AUTOS = YES_AGGRESSIVE;
				GCC_WARN_UNUSED_FUNCTION = YES;
				GCC_WARN_UNUSED_VARIABLE = YES;
				IPHONEOS_DEPLOYMENT_TARGET = 16.4;
				MTL_ENABLE_DEBUG_INFO = INCLUDE_SOURCE;
				MTL_FAST_MATH = YES;
				ONLY_ACTIVE_ARCH = YES;
				SDKROOT = iphoneos;
				SWIFT_ACTIVE_COMPILATION_CONDITIONS = DEBUG;
				SWIFT_OPTIMIZATION_LEVEL = "-Onone";
			};
			name = Debug;
		};
		3D080F602BA016F2009C7D56 /* Release */ = {
			isa = XCBuildConfiguration;
			buildSettings = {
				ALWAYS_SEARCH_USER_PATHS = NO;
				CLANG_ANALYZER_NONNULL = YES;
				CLANG_ANALYZER_NUMBER_OBJECT_CONVERSION = YES_AGGRESSIVE;
				CLANG_CXX_LANGUAGE_STANDARD = "gnu++20";
				CLANG_ENABLE_MODULES = YES;
				CLANG_ENABLE_OBJC_ARC = YES;
				CLANG_ENABLE_OBJC_WEAK = YES;
				CLANG_WARN_BLOCK_CAPTURE_AUTORELEASING = YES;
				CLANG_WARN_BOOL_CONVERSION = YES;
				CLANG_WARN_COMMA = YES;
				CLANG_WARN_CONSTANT_CONVERSION = YES;
				CLANG_WARN_DEPRECATED_OBJC_IMPLEMENTATIONS = YES;
				CLANG_WARN_DIRECT_OBJC_ISA_USAGE = YES_ERROR;
				CLANG_WARN_DOCUMENTATION_COMMENTS = YES;
				CLANG_WARN_EMPTY_BODY = YES;
				CLANG_WARN_ENUM_CONVERSION = YES;
				CLANG_WARN_INFINITE_RECURSION = YES;
				CLANG_WARN_INT_CONVERSION = YES;
				CLANG_WARN_NON_LITERAL_NULL_CONVERSION = YES;
				CLANG_WARN_OBJC_IMPLICIT_RETAIN_SELF = YES;
				CLANG_WARN_OBJC_LITERAL_CONVERSION = YES;
				CLANG_WARN_OBJC_ROOT_CLASS = YES_ERROR;
				CLANG_WARN_QUOTED_INCLUDE_IN_FRAMEWORK_HEADER = YES;
				CLANG_WARN_RANGE_LOOP_ANALYSIS = YES;
				CLANG_WARN_STRICT_PROTOTYPES = YES;
				CLANG_WARN_SUSPICIOUS_MOVE = YES;
				CLANG_WARN_UNGUARDED_AVAILABILITY = YES_AGGRESSIVE;
				CLANG_WARN_UNREACHABLE_CODE = YES;
				CLANG_WARN__DUPLICATE_METHOD_MATCH = YES;
				COPY_PHASE_STRIP = NO;
				DEBUG_INFORMATION_FORMAT = "dwarf-with-dsym";
				ENABLE_NS_ASSERTIONS = NO;
				ENABLE_STRICT_OBJC_MSGSEND = YES;
				GCC_C_LANGUAGE_STANDARD = gnu11;
				GCC_NO_COMMON_BLOCKS = YES;
				GCC_WARN_64_TO_32_BIT_CONVERSION = YES;
				GCC_WARN_ABOUT_RETURN_TYPE = YES_ERROR;
				GCC_WARN_UNDECLARED_SELECTOR = YES;
				GCC_WARN_UNINITIALIZED_AUTOS = YES_AGGRESSIVE;
				GCC_WARN_UNUSED_FUNCTION = YES;
				GCC_WARN_UNUSED_VARIABLE = YES;
				IPHONEOS_DEPLOYMENT_TARGET = 16.4;
				MTL_ENABLE_DEBUG_INFO = NO;
				MTL_FAST_MATH = YES;
				SDKROOT = iphoneos;
				SWIFT_COMPILATION_MODE = wholemodule;
				SWIFT_OPTIMIZATION_LEVEL = "-O";
				VALIDATE_PRODUCT = YES;
			};
			name = Release;
		};
		3D080F622BA016F2009C7D56 /* Debug */ = {
			isa = XCBuildConfiguration;
			buildSettings = {
				ASSETCATALOG_COMPILER_APPICON_NAME = AppIcon;
				ASSETCATALOG_COMPILER_GLOBAL_ACCENT_COLOR_NAME = AccentColor;
				CODE_SIGN_STYLE = Automatic;
				CURRENT_PROJECT_VERSION = 1;
				DEVELOPMENT_ASSET_PATHS = "\"Bus/Preview Content\"";
				DEVELOPMENT_TEAM = 6YB8YUS685;
				ENABLE_PREVIEWS = YES;
				GENERATE_INFOPLIST_FILE = YES;
				INFOPLIST_FILE = Bus/Info.plist;
				INFOPLIST_KEY_UIApplicationSceneManifest_Generation = YES;
				INFOPLIST_KEY_UIApplicationSupportsIndirectInputEvents = YES;
				INFOPLIST_KEY_UISupportedInterfaceOrientations_iPad = "UIInterfaceOrientationPortrait UIInterfaceOrientationPortraitUpsideDown UIInterfaceOrientationLandscapeLeft UIInterfaceOrientationLandscapeRight";
				INFOPLIST_KEY_UISupportedInterfaceOrientations_iPhone = "UIInterfaceOrientationPortrait UIInterfaceOrientationLandscapeLeft UIInterfaceOrientationLandscapeRight";
				INFOPLIST_KEY_UIUserInterfaceStyle = "";
				IPHONEOS_DEPLOYMENT_TARGET = 15.0;
				LD_RUNPATH_SEARCH_PATHS = (
					"$(inherited)",
					"@executable_path/Frameworks",
				);
				MARKETING_VERSION = 1.0;
				PRODUCT_BUNDLE_IDENTIFIER = com.nhh.Bus;
				PRODUCT_NAME = "$(TARGET_NAME)";
				SWIFT_EMIT_LOC_STRINGS = YES;
				SWIFT_VERSION = 5.0;
				TARGETED_DEVICE_FAMILY = "1,2";
			};
			name = Debug;
		};
		3D080F632BA016F2009C7D56 /* Release */ = {
			isa = XCBuildConfiguration;
			buildSettings = {
				ASSETCATALOG_COMPILER_APPICON_NAME = AppIcon;
				ASSETCATALOG_COMPILER_GLOBAL_ACCENT_COLOR_NAME = AccentColor;
				CODE_SIGN_STYLE = Automatic;
				CURRENT_PROJECT_VERSION = 1;
				DEVELOPMENT_ASSET_PATHS = "\"Bus/Preview Content\"";
				DEVELOPMENT_TEAM = 6YB8YUS685;
				ENABLE_PREVIEWS = YES;
				GENERATE_INFOPLIST_FILE = YES;
				INFOPLIST_FILE = Bus/Info.plist;
				INFOPLIST_KEY_UIApplicationSceneManifest_Generation = YES;
				INFOPLIST_KEY_UIApplicationSupportsIndirectInputEvents = YES;
				INFOPLIST_KEY_UISupportedInterfaceOrientations_iPad = "UIInterfaceOrientationPortrait UIInterfaceOrientationPortraitUpsideDown UIInterfaceOrientationLandscapeLeft UIInterfaceOrientationLandscapeRight";
				INFOPLIST_KEY_UISupportedInterfaceOrientations_iPhone = "UIInterfaceOrientationPortrait UIInterfaceOrientationLandscapeLeft UIInterfaceOrientationLandscapeRight";
				INFOPLIST_KEY_UIUserInterfaceStyle = "";
				IPHONEOS_DEPLOYMENT_TARGET = 15.0;
				LD_RUNPATH_SEARCH_PATHS = (
					"$(inherited)",
					"@executable_path/Frameworks",
				);
				MARKETING_VERSION = 1.0;
				PRODUCT_BUNDLE_IDENTIFIER = com.nhh.Bus;
				PRODUCT_NAME = "$(TARGET_NAME)";
				SWIFT_EMIT_LOC_STRINGS = YES;
				SWIFT_VERSION = 5.0;
				TARGETED_DEVICE_FAMILY = "1,2";
			};
			name = Release;
		};
/* End XCBuildConfiguration section */

/* Begin XCConfigurationList section */
		3D080F4E2BA016F0009C7D56 /* Build configuration list for PBXProject "Bus" */ = {
			isa = XCConfigurationList;
			buildConfigurations = (
				3D080F5F2BA016F2009C7D56 /* Debug */,
				3D080F602BA016F2009C7D56 /* Release */,
			);
			defaultConfigurationIsVisible = 0;
			defaultConfigurationName = Release;
		};
		3D080F612BA016F2009C7D56 /* Build configuration list for PBXNativeTarget "Bus" */ = {
			isa = XCConfigurationList;
			buildConfigurations = (
				3D080F622BA016F2009C7D56 /* Debug */,
				3D080F632BA016F2009C7D56 /* Release */,
			);
			defaultConfigurationIsVisible = 0;
			defaultConfigurationName = Release;
		};
/* End XCConfigurationList section */

/* Begin XCRemoteSwiftPackageReference section */
		3DE687E32BBB10FA00C89FE3 /* XCRemoteSwiftPackageReference "SlidingTabView" */ = {
			isa = XCRemoteSwiftPackageReference;
			repositoryURL = "https://github.com/QuynhNguyen/SlidingTabView.git";
			requirement = {
				kind = upToNextMajorVersion;
				minimumVersion = 1.0.0;
			};
		};
/* End XCRemoteSwiftPackageReference section */

/* Begin XCSwiftPackageProductDependency section */
		3DE687E42BBB10FA00C89FE3 /* SlidingTabView */ = {
			isa = XCSwiftPackageProductDependency;
			package = 3DE687E32BBB10FA00C89FE3 /* XCRemoteSwiftPackageReference "SlidingTabView" */;
			productName = SlidingTabView;
		};
/* End XCSwiftPackageProductDependency section */
	};
	rootObject = 3D080F4B2BA016F0009C7D56 /* Project object */;
}
