// !$*UTF8*$!
{
	archiveVersion = 1;
	classes = {
	};
	objectVersion = 56;
	objects = {

/* Begin PBXBuildFile section */
		3D080F572BA016F0009C7D56 /* BusApp.swift in Sources */ = {isa = PBXBuildFile; fileRef = 3D080F562BA016F0009C7D56 /* BusApp.swift */; };
		3D080F592BA016F0009C7D56 /* ContentView.swift in Sources */ = {isa = PBXBuildFile; fileRef = 3D080F582BA016F0009C7D56 /* ContentView.swift */; };
		3D080F5B2BA016F2009C7D56 /* Assets.xcassets in Resources */ = {isa = PBXBuildFile; fileRef = 3D080F5A2BA016F2009C7D56 /* Assets.xcassets */; };
		3D080F5E2BA016F2009C7D56 /* Preview Assets.xcassets in Resources */ = {isa = PBXBuildFile; fileRef = 3D080F5D2BA016F2009C7D56 /* Preview Assets.xcassets */; };
		3D080F682BA01A05009C7D56 /* SplashScreen.swift in Sources */ = {isa = PBXBuildFile; fileRef = 3D080F672BA01A05009C7D56 /* SplashScreen.swift */; };
		3D080F6A2BA01D47009C7D56 /* Login.swift in Sources */ = {isa = PBXBuildFile; fileRef = 3D080F692BA01D47009C7D56 /* Login.swift */; };
		3D080F6F2BA044B0009C7D56 /* ReuseableTextField.swift in Sources */ = {isa = PBXBuildFile; fileRef = 3D080F6E2BA044B0009C7D56 /* ReuseableTextField.swift */; };
		3D080F712BA04E6B009C7D56 /* ReuseableButton.swift in Sources */ = {isa = PBXBuildFile; fileRef = 3D080F702BA04E6B009C7D56 /* ReuseableButton.swift */; };
		3D080F732BA095AD009C7D56 /* SignUp.swift in Sources */ = {isa = PBXBuildFile; fileRef = 3D080F722BA095AC009C7D56 /* SignUp.swift */; };
		3D080F752BA0AE0B009C7D56 /* FillInInformation.swift in Sources */ = {isa = PBXBuildFile; fileRef = 3D080F742BA0AE0B009C7D56 /* FillInInformation.swift */; };
		3D080F792BA1A988009C7D56 /* DateTimePickerTextField.swift in Sources */ = {isa = PBXBuildFile; fileRef = 3D080F782BA1A988009C7D56 /* DateTimePickerTextField.swift */; };
		3D080F7B2BA1B5E8009C7D56 /* NavigationManager.swift in Sources */ = {isa = PBXBuildFile; fileRef = 3D080F7A2BA1B5E8009C7D56 /* NavigationManager.swift */; };
		3D080F7F2BA7E638009C7D56 /* User.swift in Sources */ = {isa = PBXBuildFile; fileRef = 3D080F7E2BA7E638009C7D56 /* User.swift */; };
		3D080F812BA948CB009C7D56 /* ConfirmOTPMail.swift in Sources */ = {isa = PBXBuildFile; fileRef = 3D080F802BA948CB009C7D56 /* ConfirmOTPMail.swift */; };
		3D080F832BA9A6A5009C7D56 /* Response.swift in Sources */ = {isa = PBXBuildFile; fileRef = 3D080F822BA9A6A5009C7D56 /* Response.swift */; };
		3D080F852BA9CFC0009C7D56 /* ToastM.swift in Sources */ = {isa = PBXBuildFile; fileRef = 3D080F842BA9CFC0009C7D56 /* ToastM.swift */; };
		3D080F872BAC8113009C7D56 /* GenderField.swift in Sources */ = {isa = PBXBuildFile; fileRef = 3D080F862BAC8113009C7D56 /* GenderField.swift */; };
		3D09F2B62BC6A42600974321 /* ProfileRow.swift in Sources */ = {isa = PBXBuildFile; fileRef = 3D09F2B52BC6A42600974321 /* ProfileRow.swift */; };
		3D09F2B82BC6A60800974321 /* UserAPI.swift in Sources */ = {isa = PBXBuildFile; fileRef = 3D09F2B72BC6A60800974321 /* UserAPI.swift */; };
		3D1FB5E22BBE29A8007711FE /* QRCodeFetching.swift in Sources */ = {isa = PBXBuildFile; fileRef = 3D1FB5E12BBE29A8007711FE /* QRCodeFetching.swift */; };
		3D2732252BC61B7500134467 /* Favorites.swift in Sources */ = {isa = PBXBuildFile; fileRef = 3D2732242BC61B7500134467 /* Favorites.swift */; };
		3D2732272BC61E3000134467 /* Database.swift in Sources */ = {isa = PBXBuildFile; fileRef = 3D2732262BC61E3000134467 /* Database.swift */; };
		3D3277702BC8D31F0063E1CD /* FavoriteScreen.swift in Sources */ = {isa = PBXBuildFile; fileRef = 3D32776F2BC8D31F0063E1CD /* FavoriteScreen.swift */; };
		3D3B3ADE2BBEA06E00627F37 /* Money.swift in Sources */ = {isa = PBXBuildFile; fileRef = 3D3B3ADD2BBEA06E00627F37 /* Money.swift */; };
		3D3B3AE02BBEAAE400627F37 /* Denomination.swift in Sources */ = {isa = PBXBuildFile; fileRef = 3D3B3ADF2BBEAAE400627F37 /* Denomination.swift */; };
		3D3B3AE22BBEF88000627F37 /* PaymentHistory.swift in Sources */ = {isa = PBXBuildFile; fileRef = 3D3B3AE12BBEF88000627F37 /* PaymentHistory.swift */; };
		3D3B3AE42BBFE1AE00627F37 /* PaymentHistoryRow.swift in Sources */ = {isa = PBXBuildFile; fileRef = 3D3B3AE32BBFE1AE00627F37 /* PaymentHistoryRow.swift */; };
		3D3B3AE62BBFE8E900627F37 /* HeightSpacer.swift in Sources */ = {isa = PBXBuildFile; fileRef = 3D3B3AE52BBFE8E900627F37 /* HeightSpacer.swift */; };
		3D3B3AE82BBFFFD000627F37 /* VNPayApi.swift in Sources */ = {isa = PBXBuildFile; fileRef = 3D3B3AE72BBFFFD000627F37 /* VNPayApi.swift */; };
		3D3B3AEA2BC038BD00627F37 /* BuyTicket.swift in Sources */ = {isa = PBXBuildFile; fileRef = 3D3B3AE92BC038BD00627F37 /* BuyTicket.swift */; };
		3D3CF7A82BB113610016B916 /* TabViewNavigation.swift in Sources */ = {isa = PBXBuildFile; fileRef = 3D3CF7A72BB113610016B916 /* TabViewNavigation.swift */; };
		3D3CF7AA2BB11B730016B916 /* Home.swift in Sources */ = {isa = PBXBuildFile; fileRef = 3D3CF7A92BB11B730016B916 /* Home.swift */; };
		3D3CF7AC2BB11F1C0016B916 /* Payment.swift in Sources */ = {isa = PBXBuildFile; fileRef = 3D3CF7AB2BB11F1C0016B916 /* Payment.swift */; };
		3D3CF7AE2BB11F290016B916 /* Route.swift in Sources */ = {isa = PBXBuildFile; fileRef = 3D3CF7AD2BB11F290016B916 /* Route.swift */; };
		3D3CF7B02BB11F320016B916 /* Account.swift in Sources */ = {isa = PBXBuildFile; fileRef = 3D3CF7AF2BB11F320016B916 /* Account.swift */; };
		3D3CF7B22BB124FE0016B916 /* ReusableImage.swift in Sources */ = {isa = PBXBuildFile; fileRef = 3D3CF7B12BB124FE0016B916 /* ReusableImage.swift */; };
		3D3CF7B42BB16B620016B916 /* ReusableSearchbar.swift in Sources */ = {isa = PBXBuildFile; fileRef = 3D3CF7B32BB16B620016B916 /* ReusableSearchbar.swift */; };
		3D3CF7B62BB17B640016B916 /* ReusableFunc.swift in Sources */ = {isa = PBXBuildFile; fileRef = 3D3CF7B52BB17B630016B916 /* ReusableFunc.swift */; };
		3D3CF7BA2BB18F4A0016B916 /* NotoSerifDisplay-VariableFont_wdth,wght.ttf in Resources */ = {isa = PBXBuildFile; fileRef = 3D3CF7B92BB18F4A0016B916 /* NotoSerifDisplay-VariableFont_wdth,wght.ttf */; };
		3D3CF7BC2BB190EE0016B916 /* PlayfairDisplay-Regular.ttf in Resources */ = {isa = PBXBuildFile; fileRef = 3D3CF7BB2BB190EE0016B916 /* PlayfairDisplay-Regular.ttf */; };
		3D3CF7BE2BB1917D0016B916 /* PlayfairDisplay-SemiBold.ttf in Resources */ = {isa = PBXBuildFile; fileRef = 3D3CF7BD2BB1917D0016B916 /* PlayfairDisplay-SemiBold.ttf */; };
		3D3CF7C02BB31A980016B916 /* RouteRow.swift in Sources */ = {isa = PBXBuildFile; fileRef = 3D3CF7BF2BB31A980016B916 /* RouteRow.swift */; };
		3D3CF7C22BB3BAF60016B916 /* BusRoute.swift in Sources */ = {isa = PBXBuildFile; fileRef = 3D3CF7C12BB3BAF60016B916 /* BusRoute.swift */; };
		3D3CF7C52BB3BC7F0016B916 /* BusRoutesApi.swift in Sources */ = {isa = PBXBuildFile; fileRef = 3D3CF7C42BB3BC7F0016B916 /* BusRoutesApi.swift */; };
		3D5D74612BCD10320043DB14 /* DetailBuyTicket.swift in Sources */ = {isa = PBXBuildFile; fileRef = 3D5D74602BCD10320043DB14 /* DetailBuyTicket.swift */; };
		3D5D74632BCD27D60043DB14 /* TransactionAPI.swift in Sources */ = {isa = PBXBuildFile; fileRef = 3D5D74622BCD27D60043DB14 /* TransactionAPI.swift */; };
		3D5D74662BCD74D70043DB14 /* CustomCircleCheckmark.swift in Sources */ = {isa = PBXBuildFile; fileRef = 3D5D74652BCD74D70043DB14 /* CustomCircleCheckmark.swift */; };
		3D5D74682BCD84BE0043DB14 /* CircleCheckmarkParameters.swift in Sources */ = {isa = PBXBuildFile; fileRef = 3D5D74672BCD84BE0043DB14 /* CircleCheckmarkParameters.swift */; };
		3D5D746A2BCE8B320043DB14 /* CustomCircleFailed.swift in Sources */ = {isa = PBXBuildFile; fileRef = 3D5D74692BCE8B320043DB14 /* CustomCircleFailed.swift */; };
		3D5D746C2BCEC8FE0043DB14 /* test2.swift in Sources */ = {isa = PBXBuildFile; fileRef = 3D5D746B2BCEC8FE0043DB14 /* test2.swift */; };
		3D5D746E2BCECD530043DB14 /* test3.swift in Sources */ = {isa = PBXBuildFile; fileRef = 3D5D746D2BCECD530043DB14 /* test3.swift */; };
		3D5D74702BCECD5A0043DB14 /* test4.swift in Sources */ = {isa = PBXBuildFile; fileRef = 3D5D746F2BCECD5A0043DB14 /* test4.swift */; };
		3D644B322BE33C00004EBC6B /* TestToast.swift in Sources */ = {isa = PBXBuildFile; fileRef = 3D644B312BE33C00004EBC6B /* TestToast.swift */; };
		3D644B342BE3499E004EBC6B /* testScannerView.swift in Sources */ = {isa = PBXBuildFile; fileRef = 3D644B332BE3499E004EBC6B /* testScannerView.swift */; };
		3D71438D2BD8F5C300189986 /* Dropdown.swift in Sources */ = {isa = PBXBuildFile; fileRef = 3D71438C2BD8F5C200189986 /* Dropdown.swift */; };
		3D71438F2BD9E2AA00189986 /* testDropdown.swift in Sources */ = {isa = PBXBuildFile; fileRef = 3D71438E2BD9E2AA00189986 /* testDropdown.swift */; };
		3D7143912BD9ED0600189986 /* Vehicle.swift in Sources */ = {isa = PBXBuildFile; fileRef = 3D7143902BD9ED0600189986 /* Vehicle.swift */; };
		3D7143952BD9ED5300189986 /* VehicleAPI.swift in Sources */ = {isa = PBXBuildFile; fileRef = 3D7143942BD9ED5300189986 /* VehicleAPI.swift */; };
		3D7143972BDA755100189986 /* DropdownBus.swift in Sources */ = {isa = PBXBuildFile; fileRef = 3D7143962BDA755100189986 /* DropdownBus.swift */; };
		3D71DF012BDE3C1300CB4FBA /* CustomTabNavDriver.swift in Sources */ = {isa = PBXBuildFile; fileRef = 3D71DF002BDE3C1300CB4FBA /* CustomTabNavDriver.swift */; };
		3D71DF032BDE3DBF00CB4FBA /* test5.swift in Sources */ = {isa = PBXBuildFile; fileRef = 3D71DF022BDE3DBF00CB4FBA /* test5.swift */; };
		3D71DF062BDE789E00CB4FBA /* Permission.swift in Sources */ = {isa = PBXBuildFile; fileRef = 3D71DF052BDE789E00CB4FBA /* Permission.swift */; };
		3D71DF082BDE78BE00CB4FBA /* QRScannerDelegate.swift in Sources */ = {isa = PBXBuildFile; fileRef = 3D71DF072BDE78BE00CB4FBA /* QRScannerDelegate.swift */; };
		3D71DF0B2BDE78F100CB4FBA /* CameraView.swift in Sources */ = {isa = PBXBuildFile; fileRef = 3D71DF0A2BDE78F000CB4FBA /* CameraView.swift */; };
		3D71DF0D2BDE790300CB4FBA /* ScannerView.swift in Sources */ = {isa = PBXBuildFile; fileRef = 3D71DF0C2BDE790300CB4FBA /* ScannerView.swift */; };
		3D71DF0F2BDE7E7500CB4FBA /* test6.swift in Sources */ = {isa = PBXBuildFile; fileRef = 3D71DF0E2BDE7E7500CB4FBA /* test6.swift */; };
		3D71DF112BDF886000CB4FBA /* Trip.swift in Sources */ = {isa = PBXBuildFile; fileRef = 3D71DF102BDF886000CB4FBA /* Trip.swift */; };
		3D71DF132BDF8B3A00CB4FBA /* TripAPI.swift in Sources */ = {isa = PBXBuildFile; fileRef = 3D71DF122BDF8B3A00CB4FBA /* TripAPI.swift */; };
		3D71DF152BDFE03300CB4FBA /* testLogin.swift in Sources */ = {isa = PBXBuildFile; fileRef = 3D71DF142BDFE03300CB4FBA /* testLogin.swift */; };
		3D7522282BCF725A0028178F /* AlertPaymentSuccess.swift in Sources */ = {isa = PBXBuildFile; fileRef = 3D7522272BCF725A0028178F /* AlertPaymentSuccess.swift */; };
		3D75222B2BD00D7B0028178F /* AlertPaymentFailed.swift in Sources */ = {isa = PBXBuildFile; fileRef = 3D75222A2BD00D7B0028178F /* AlertPaymentFailed.swift */; };
		3D75222D2BD0151F0028178F /* Transaction.swift in Sources */ = {isa = PBXBuildFile; fileRef = 3D75222C2BD0151F0028178F /* Transaction.swift */; };
		3D75222F2BD101610028178F /* DetailPaymentHistory.swift in Sources */ = {isa = PBXBuildFile; fileRef = 3D75222E2BD101610028178F /* DetailPaymentHistory.swift */; };
		3D7522312BD155770028178F /* FaceIDAuthentication.swift in Sources */ = {isa = PBXBuildFile; fileRef = 3D7522302BD155770028178F /* FaceIDAuthentication.swift */; };
		3D78A9CD2BB63DD2005ED9B4 /* StopRoute.swift in Sources */ = {isa = PBXBuildFile; fileRef = 3D78A9CC2BB63DD2005ED9B4 /* StopRoute.swift */; };
		3D78A9CF2BB6715B005ED9B4 /* LoginApi.swift in Sources */ = {isa = PBXBuildFile; fileRef = 3D78A9CE2BB6715B005ED9B4 /* LoginApi.swift */; };
		3D78A9D12BB70302005ED9B4 /* BusRouteDetailApi.swift in Sources */ = {isa = PBXBuildFile; fileRef = 3D78A9D02BB70302005ED9B4 /* BusRouteDetailApi.swift */; };
		3D78A9D32BB7041C005ED9B4 /* BusRouteDetail.swift in Sources */ = {isa = PBXBuildFile; fileRef = 3D78A9D22BB7041C005ED9B4 /* BusRouteDetail.swift */; };
		3D78A9D52BB7C416005ED9B4 /* DataHolder.swift in Sources */ = {isa = PBXBuildFile; fileRef = 3D78A9D42BB7C416005ED9B4 /* DataHolder.swift */; };
		3D78A9D92BB9445A005ED9B4 /* CombinedBusRoutesAPI.swift in Sources */ = {isa = PBXBuildFile; fileRef = 3D78A9D82BB9445A005ED9B4 /* CombinedBusRoutesAPI.swift */; };
		3D78A9DB2BB97355005ED9B4 /* demoView.swift in Sources */ = {isa = PBXBuildFile; fileRef = 3D78A9DA2BB97355005ED9B4 /* demoView.swift */; };
		3DA458102BDBF41E0032D811 /* TripHistory.swift in Sources */ = {isa = PBXBuildFile; fileRef = 3DA4580F2BDBF41E0032D811 /* TripHistory.swift */; };
		3DA458122BDCEE070032D811 /* Session.swift in Sources */ = {isa = PBXBuildFile; fileRef = 3DA458112BDCEE070032D811 /* Session.swift */; };
		3DA458152BDD37B00032D811 /* Toast.swift in Sources */ = {isa = PBXBuildFile; fileRef = 3DA458142BDD37B00032D811 /* Toast.swift */; };
		3DB949002BD3EFDF00144D04 /* Driver.swift in Sources */ = {isa = PBXBuildFile; fileRef = 3DB948FF2BD3EFDF00144D04 /* Driver.swift */; };
		3DB949052BD3FAE100144D04 /* GIF.swift in Sources */ = {isa = PBXBuildFile; fileRef = 3DB949042BD3FAE100144D04 /* GIF.swift */; };
		3DB949092BD4D6AC00144D04 /* DutyAPI.swift in Sources */ = {isa = PBXBuildFile; fileRef = 3DB949082BD4D6AC00144D04 /* DutyAPI.swift */; };
		3DB9490B2BD4D74400144D04 /* DutySession.swift in Sources */ = {isa = PBXBuildFile; fileRef = 3DB9490A2BD4D74400144D04 /* DutySession.swift */; };
		3DB9490D2BD68FA000144D04 /* Ticket.swift in Sources */ = {isa = PBXBuildFile; fileRef = 3DB9490C2BD68FA000144D04 /* Ticket.swift */; };
		3DB9490F2BD68FD400144D04 /* TicketAPI.swift in Sources */ = {isa = PBXBuildFile; fileRef = 3DB9490E2BD68FD400144D04 /* TicketAPI.swift */; };
		3DD1B7182BD7D71100BEFDF2 /* NetworkMonitor.swift in Sources */ = {isa = PBXBuildFile; fileRef = 3DD1B7172BD7D71100BEFDF2 /* NetworkMonitor.swift */; };
		3DD1B71A2BD7F7C300BEFDF2 /* CheckNetwork.swift in Sources */ = {isa = PBXBuildFile; fileRef = 3DD1B7192BD7F7C300BEFDF2 /* CheckNetwork.swift */; };
		3DE687E52BBB10FA00C89FE3 /* SlidingTabView in Frameworks */ = {isa = PBXBuildFile; productRef = 3DE687E42BBB10FA00C89FE3 /* SlidingTabView */; };
		3DE687E82BBBA4E000C89FE3 /* InforRoute.swift in Sources */ = {isa = PBXBuildFile; fileRef = 3DE687E72BBBA4E000C89FE3 /* InforRoute.swift */; };
		3DE687EA2BBBF28C00C89FE3 /* BarBackCustom.swift in Sources */ = {isa = PBXBuildFile; fileRef = 3DE687E92BBBF28C00C89FE3 /* BarBackCustom.swift */; };
		3DE687EC2BBC010700C89FE3 /* WidthSpacer.swift in Sources */ = {isa = PBXBuildFile; fileRef = 3DE687EB2BBC010700C89FE3 /* WidthSpacer.swift */; };
		3DF325D12BB4FA0700BD62A1 /* Balance.swift in Sources */ = {isa = PBXBuildFile; fileRef = 3DF325D02BB4FA0700BD62A1 /* Balance.swift */; };
		3DF325D32BB57E7600BD62A1 /* DetailBusRoute.swift in Sources */ = {isa = PBXBuildFile; fileRef = 3DF325D22BB57E7600BD62A1 /* DetailBusRoute.swift */; };
		3DF325D52BB581DD00BD62A1 /* TopTabNavigation.swift in Sources */ = {isa = PBXBuildFile; fileRef = 3DF325D42BB581DD00BD62A1 /* TopTabNavigation.swift */; };
		3DF325D72BB5A5FF00BD62A1 /* CustomRowStopStatic.swift in Sources */ = {isa = PBXBuildFile; fileRef = 3DF325D62BB5A5FE00BD62A1 /* CustomRowStopStatic.swift */; };
		3DF940322BC80C0200B97C33 /* PhotoPicker.swift in Sources */ = {isa = PBXBuildFile; fileRef = 3DF940312BC80C0200B97C33 /* PhotoPicker.swift */; };
		3DF940342BC812A100B97C33 /* TEST.swift in Sources */ = {isa = PBXBuildFile; fileRef = 3DF940332BC812A100B97C33 /* TEST.swift */; };
		3DF940362BC81C5700B97C33 /* TripHistoryRow.swift in Sources */ = {isa = PBXBuildFile; fileRef = 3DF940352BC81C5700B97C33 /* TripHistoryRow.swift */; };
/* End PBXBuildFile section */

/* Begin PBXFileReference section */
		3D080F532BA016F0009C7D56 /* Bus.app */ = {isa = PBXFileReference; explicitFileType = wrapper.application; includeInIndex = 0; path = Bus.app; sourceTree = BUILT_PRODUCTS_DIR; };
		3D080F562BA016F0009C7D56 /* BusApp.swift */ = {isa = PBXFileReference; lastKnownFileType = sourcecode.swift; path = BusApp.swift; sourceTree = "<group>"; };
		3D080F582BA016F0009C7D56 /* ContentView.swift */ = {isa = PBXFileReference; lastKnownFileType = sourcecode.swift; path = ContentView.swift; sourceTree = "<group>"; };
		3D080F5A2BA016F2009C7D56 /* Assets.xcassets */ = {isa = PBXFileReference; lastKnownFileType = folder.assetcatalog; path = Assets.xcassets; sourceTree = "<group>"; };
		3D080F5D2BA016F2009C7D56 /* Preview Assets.xcassets */ = {isa = PBXFileReference; lastKnownFileType = folder.assetcatalog; path = "Preview Assets.xcassets"; sourceTree = "<group>"; };
		3D080F672BA01A05009C7D56 /* SplashScreen.swift */ = {isa = PBXFileReference; lastKnownFileType = sourcecode.swift; path = SplashScreen.swift; sourceTree = "<group>"; };
		3D080F692BA01D47009C7D56 /* Login.swift */ = {isa = PBXFileReference; lastKnownFileType = sourcecode.swift; path = Login.swift; sourceTree = "<group>"; };
		3D080F6E2BA044B0009C7D56 /* ReuseableTextField.swift */ = {isa = PBXFileReference; lastKnownFileType = sourcecode.swift; path = ReuseableTextField.swift; sourceTree = "<group>"; };
		3D080F702BA04E6B009C7D56 /* ReuseableButton.swift */ = {isa = PBXFileReference; lastKnownFileType = sourcecode.swift; path = ReuseableButton.swift; sourceTree = "<group>"; };
		3D080F722BA095AC009C7D56 /* SignUp.swift */ = {isa = PBXFileReference; lastKnownFileType = sourcecode.swift; path = SignUp.swift; sourceTree = "<group>"; };
		3D080F742BA0AE0B009C7D56 /* FillInInformation.swift */ = {isa = PBXFileReference; lastKnownFileType = sourcecode.swift; path = FillInInformation.swift; sourceTree = "<group>"; };
		3D080F782BA1A988009C7D56 /* DateTimePickerTextField.swift */ = {isa = PBXFileReference; lastKnownFileType = sourcecode.swift; path = DateTimePickerTextField.swift; sourceTree = "<group>"; };
		3D080F7A2BA1B5E8009C7D56 /* NavigationManager.swift */ = {isa = PBXFileReference; lastKnownFileType = sourcecode.swift; path = NavigationManager.swift; sourceTree = "<group>"; };
		3D080F7E2BA7E638009C7D56 /* User.swift */ = {isa = PBXFileReference; lastKnownFileType = sourcecode.swift; path = User.swift; sourceTree = "<group>"; };
		3D080F802BA948CB009C7D56 /* ConfirmOTPMail.swift */ = {isa = PBXFileReference; lastKnownFileType = sourcecode.swift; path = ConfirmOTPMail.swift; sourceTree = "<group>"; };
		3D080F822BA9A6A5009C7D56 /* Response.swift */ = {isa = PBXFileReference; lastKnownFileType = sourcecode.swift; path = Response.swift; sourceTree = "<group>"; };
		3D080F842BA9CFC0009C7D56 /* ToastM.swift */ = {isa = PBXFileReference; lastKnownFileType = sourcecode.swift; path = ToastM.swift; sourceTree = "<group>"; };
		3D080F862BAC8113009C7D56 /* GenderField.swift */ = {isa = PBXFileReference; lastKnownFileType = sourcecode.swift; path = GenderField.swift; sourceTree = "<group>"; };
		3D09F2B52BC6A42600974321 /* ProfileRow.swift */ = {isa = PBXFileReference; lastKnownFileType = sourcecode.swift; path = ProfileRow.swift; sourceTree = "<group>"; };
		3D09F2B72BC6A60800974321 /* UserAPI.swift */ = {isa = PBXFileReference; lastKnownFileType = sourcecode.swift; path = UserAPI.swift; sourceTree = "<group>"; };
		3D1FB5E12BBE29A8007711FE /* QRCodeFetching.swift */ = {isa = PBXFileReference; lastKnownFileType = sourcecode.swift; path = QRCodeFetching.swift; sourceTree = "<group>"; };
		3D2732242BC61B7500134467 /* Favorites.swift */ = {isa = PBXFileReference; lastKnownFileType = sourcecode.swift; path = Favorites.swift; sourceTree = "<group>"; };
		3D2732262BC61E3000134467 /* Database.swift */ = {isa = PBXFileReference; lastKnownFileType = sourcecode.swift; path = Database.swift; sourceTree = "<group>"; };
		3D32776F2BC8D31F0063E1CD /* FavoriteScreen.swift */ = {isa = PBXFileReference; lastKnownFileType = sourcecode.swift; path = FavoriteScreen.swift; sourceTree = "<group>"; };
		3D3B3ADD2BBEA06E00627F37 /* Money.swift */ = {isa = PBXFileReference; lastKnownFileType = sourcecode.swift; path = Money.swift; sourceTree = "<group>"; };
		3D3B3ADF2BBEAAE400627F37 /* Denomination.swift */ = {isa = PBXFileReference; lastKnownFileType = sourcecode.swift; path = Denomination.swift; sourceTree = "<group>"; };
		3D3B3AE12BBEF88000627F37 /* PaymentHistory.swift */ = {isa = PBXFileReference; lastKnownFileType = sourcecode.swift; path = PaymentHistory.swift; sourceTree = "<group>"; };
		3D3B3AE32BBFE1AE00627F37 /* PaymentHistoryRow.swift */ = {isa = PBXFileReference; lastKnownFileType = sourcecode.swift; path = PaymentHistoryRow.swift; sourceTree = "<group>"; };
		3D3B3AE52BBFE8E900627F37 /* HeightSpacer.swift */ = {isa = PBXFileReference; lastKnownFileType = sourcecode.swift; path = HeightSpacer.swift; sourceTree = "<group>"; };
		3D3B3AE72BBFFFD000627F37 /* VNPayApi.swift */ = {isa = PBXFileReference; lastKnownFileType = sourcecode.swift; path = VNPayApi.swift; sourceTree = "<group>"; };
		3D3B3AE92BC038BD00627F37 /* BuyTicket.swift */ = {isa = PBXFileReference; lastKnownFileType = sourcecode.swift; path = BuyTicket.swift; sourceTree = "<group>"; };
		3D3CF7A72BB113610016B916 /* TabViewNavigation.swift */ = {isa = PBXFileReference; lastKnownFileType = sourcecode.swift; path = TabViewNavigation.swift; sourceTree = "<group>"; };
		3D3CF7A92BB11B730016B916 /* Home.swift */ = {isa = PBXFileReference; lastKnownFileType = sourcecode.swift; path = Home.swift; sourceTree = "<group>"; };
		3D3CF7AB2BB11F1C0016B916 /* Payment.swift */ = {isa = PBXFileReference; lastKnownFileType = sourcecode.swift; path = Payment.swift; sourceTree = "<group>"; };
		3D3CF7AD2BB11F290016B916 /* Route.swift */ = {isa = PBXFileReference; lastKnownFileType = sourcecode.swift; path = Route.swift; sourceTree = "<group>"; };
		3D3CF7AF2BB11F320016B916 /* Account.swift */ = {isa = PBXFileReference; lastKnownFileType = sourcecode.swift; path = Account.swift; sourceTree = "<group>"; };
		3D3CF7B12BB124FE0016B916 /* ReusableImage.swift */ = {isa = PBXFileReference; lastKnownFileType = sourcecode.swift; path = ReusableImage.swift; sourceTree = "<group>"; };
		3D3CF7B32BB16B620016B916 /* ReusableSearchbar.swift */ = {isa = PBXFileReference; lastKnownFileType = sourcecode.swift; path = ReusableSearchbar.swift; sourceTree = "<group>"; };
		3D3CF7B52BB17B630016B916 /* ReusableFunc.swift */ = {isa = PBXFileReference; lastKnownFileType = sourcecode.swift; path = ReusableFunc.swift; sourceTree = "<group>"; };
		3D3CF7B82BB189A40016B916 /* PlayfairDisplay-VariableFont_wght.ttf */ = {isa = PBXFileReference; lastKnownFileType = file; path = "PlayfairDisplay-VariableFont_wght.ttf"; sourceTree = "<group>"; };
		3D3CF7B92BB18F4A0016B916 /* NotoSerifDisplay-VariableFont_wdth,wght.ttf */ = {isa = PBXFileReference; lastKnownFileType = file; path = "NotoSerifDisplay-VariableFont_wdth,wght.ttf"; sourceTree = "<group>"; };
		3D3CF7BB2BB190EE0016B916 /* PlayfairDisplay-Regular.ttf */ = {isa = PBXFileReference; lastKnownFileType = file; path = "PlayfairDisplay-Regular.ttf"; sourceTree = "<group>"; };
		3D3CF7BD2BB1917D0016B916 /* PlayfairDisplay-SemiBold.ttf */ = {isa = PBXFileReference; lastKnownFileType = file; path = "PlayfairDisplay-SemiBold.ttf"; sourceTree = "<group>"; };
		3D3CF7BF2BB31A980016B916 /* RouteRow.swift */ = {isa = PBXFileReference; lastKnownFileType = sourcecode.swift; path = RouteRow.swift; sourceTree = "<group>"; };
		3D3CF7C12BB3BAF60016B916 /* BusRoute.swift */ = {isa = PBXFileReference; lastKnownFileType = sourcecode.swift; path = BusRoute.swift; sourceTree = "<group>"; };
		3D3CF7C42BB3BC7F0016B916 /* BusRoutesApi.swift */ = {isa = PBXFileReference; lastKnownFileType = sourcecode.swift; path = BusRoutesApi.swift; sourceTree = "<group>"; };
		3D5D74602BCD10320043DB14 /* DetailBuyTicket.swift */ = {isa = PBXFileReference; lastKnownFileType = sourcecode.swift; path = DetailBuyTicket.swift; sourceTree = "<group>"; };
		3D5D74622BCD27D60043DB14 /* TransactionAPI.swift */ = {isa = PBXFileReference; lastKnownFileType = sourcecode.swift; path = TransactionAPI.swift; sourceTree = "<group>"; };
		3D5D74652BCD74D70043DB14 /* CustomCircleCheckmark.swift */ = {isa = PBXFileReference; lastKnownFileType = sourcecode.swift; path = CustomCircleCheckmark.swift; sourceTree = "<group>"; };
		3D5D74672BCD84BE0043DB14 /* CircleCheckmarkParameters.swift */ = {isa = PBXFileReference; lastKnownFileType = sourcecode.swift; path = CircleCheckmarkParameters.swift; sourceTree = "<group>"; };
		3D5D74692BCE8B320043DB14 /* CustomCircleFailed.swift */ = {isa = PBXFileReference; lastKnownFileType = sourcecode.swift; path = CustomCircleFailed.swift; sourceTree = "<group>"; };
		3D5D746B2BCEC8FE0043DB14 /* test2.swift */ = {isa = PBXFileReference; lastKnownFileType = sourcecode.swift; path = test2.swift; sourceTree = "<group>"; };
		3D5D746D2BCECD530043DB14 /* test3.swift */ = {isa = PBXFileReference; lastKnownFileType = sourcecode.swift; path = test3.swift; sourceTree = "<group>"; };
		3D5D746F2BCECD5A0043DB14 /* test4.swift */ = {isa = PBXFileReference; lastKnownFileType = sourcecode.swift; path = test4.swift; sourceTree = "<group>"; };
		3D644B312BE33C00004EBC6B /* TestToast.swift */ = {isa = PBXFileReference; lastKnownFileType = sourcecode.swift; path = TestToast.swift; sourceTree = "<group>"; };
		3D644B332BE3499E004EBC6B /* testScannerView.swift */ = {isa = PBXFileReference; lastKnownFileType = sourcecode.swift; path = testScannerView.swift; sourceTree = "<group>"; };
		3D71438C2BD8F5C200189986 /* Dropdown.swift */ = {isa = PBXFileReference; lastKnownFileType = sourcecode.swift; path = Dropdown.swift; sourceTree = "<group>"; };
		3D71438E2BD9E2AA00189986 /* testDropdown.swift */ = {isa = PBXFileReference; lastKnownFileType = sourcecode.swift; path = testDropdown.swift; sourceTree = "<group>"; };
		3D7143902BD9ED0600189986 /* Vehicle.swift */ = {isa = PBXFileReference; lastKnownFileType = sourcecode.swift; path = Vehicle.swift; sourceTree = "<group>"; };
		3D7143942BD9ED5300189986 /* VehicleAPI.swift */ = {isa = PBXFileReference; lastKnownFileType = sourcecode.swift; path = VehicleAPI.swift; sourceTree = "<group>"; };
		3D7143962BDA755100189986 /* DropdownBus.swift */ = {isa = PBXFileReference; lastKnownFileType = sourcecode.swift; path = DropdownBus.swift; sourceTree = "<group>"; };
		3D71DF002BDE3C1300CB4FBA /* CustomTabNavDriver.swift */ = {isa = PBXFileReference; lastKnownFileType = sourcecode.swift; path = CustomTabNavDriver.swift; sourceTree = "<group>"; };
		3D71DF022BDE3DBF00CB4FBA /* test5.swift */ = {isa = PBXFileReference; lastKnownFileType = sourcecode.swift; path = test5.swift; sourceTree = "<group>"; };
		3D71DF052BDE789E00CB4FBA /* Permission.swift */ = {isa = PBXFileReference; lastKnownFileType = sourcecode.swift; path = Permission.swift; sourceTree = "<group>"; };
		3D71DF072BDE78BE00CB4FBA /* QRScannerDelegate.swift */ = {isa = PBXFileReference; lastKnownFileType = sourcecode.swift; path = QRScannerDelegate.swift; sourceTree = "<group>"; };
		3D71DF0A2BDE78F000CB4FBA /* CameraView.swift */ = {isa = PBXFileReference; lastKnownFileType = sourcecode.swift; path = CameraView.swift; sourceTree = "<group>"; };
		3D71DF0C2BDE790300CB4FBA /* ScannerView.swift */ = {isa = PBXFileReference; lastKnownFileType = sourcecode.swift; path = ScannerView.swift; sourceTree = "<group>"; };
		3D71DF0E2BDE7E7500CB4FBA /* test6.swift */ = {isa = PBXFileReference; lastKnownFileType = sourcecode.swift; path = test6.swift; sourceTree = "<group>"; };
		3D71DF102BDF886000CB4FBA /* Trip.swift */ = {isa = PBXFileReference; lastKnownFileType = sourcecode.swift; path = Trip.swift; sourceTree = "<group>"; };
		3D71DF122BDF8B3A00CB4FBA /* TripAPI.swift */ = {isa = PBXFileReference; lastKnownFileType = sourcecode.swift; path = TripAPI.swift; sourceTree = "<group>"; };
		3D71DF142BDFE03300CB4FBA /* testLogin.swift */ = {isa = PBXFileReference; lastKnownFileType = sourcecode.swift; path = testLogin.swift; sourceTree = "<group>"; };
		3D7522272BCF725A0028178F /* AlertPaymentSuccess.swift */ = {isa = PBXFileReference; lastKnownFileType = sourcecode.swift; path = AlertPaymentSuccess.swift; sourceTree = "<group>"; };
		3D75222A2BD00D7B0028178F /* AlertPaymentFailed.swift */ = {isa = PBXFileReference; lastKnownFileType = sourcecode.swift; path = AlertPaymentFailed.swift; sourceTree = "<group>"; };
		3D75222C2BD0151F0028178F /* Transaction.swift */ = {isa = PBXFileReference; lastKnownFileType = sourcecode.swift; path = Transaction.swift; sourceTree = "<group>"; };
		3D75222E2BD101610028178F /* DetailPaymentHistory.swift */ = {isa = PBXFileReference; lastKnownFileType = sourcecode.swift; path = DetailPaymentHistory.swift; sourceTree = "<group>"; };
		3D7522302BD155770028178F /* FaceIDAuthentication.swift */ = {isa = PBXFileReference; lastKnownFileType = sourcecode.swift; path = FaceIDAuthentication.swift; sourceTree = "<group>"; };
		3D78A9CC2BB63DD2005ED9B4 /* StopRoute.swift */ = {isa = PBXFileReference; lastKnownFileType = sourcecode.swift; path = StopRoute.swift; sourceTree = "<group>"; };
		3D78A9CE2BB6715B005ED9B4 /* LoginApi.swift */ = {isa = PBXFileReference; lastKnownFileType = sourcecode.swift; path = LoginApi.swift; sourceTree = "<group>"; };
		3D78A9D02BB70302005ED9B4 /* BusRouteDetailApi.swift */ = {isa = PBXFileReference; lastKnownFileType = sourcecode.swift; path = BusRouteDetailApi.swift; sourceTree = "<group>"; };
		3D78A9D22BB7041C005ED9B4 /* BusRouteDetail.swift */ = {isa = PBXFileReference; lastKnownFileType = sourcecode.swift; path = BusRouteDetail.swift; sourceTree = "<group>"; };
		3D78A9D42BB7C416005ED9B4 /* DataHolder.swift */ = {isa = PBXFileReference; lastKnownFileType = sourcecode.swift; path = DataHolder.swift; sourceTree = "<group>"; };
		3D78A9D82BB9445A005ED9B4 /* CombinedBusRoutesAPI.swift */ = {isa = PBXFileReference; lastKnownFileType = sourcecode.swift; path = CombinedBusRoutesAPI.swift; sourceTree = "<group>"; };
		3D78A9DA2BB97355005ED9B4 /* demoView.swift */ = {isa = PBXFileReference; lastKnownFileType = sourcecode.swift; path = demoView.swift; sourceTree = "<group>"; };
		3DA4580F2BDBF41E0032D811 /* TripHistory.swift */ = {isa = PBXFileReference; lastKnownFileType = sourcecode.swift; path = TripHistory.swift; sourceTree = "<group>"; };
		3DA458112BDCEE070032D811 /* Session.swift */ = {isa = PBXFileReference; lastKnownFileType = sourcecode.swift; path = Session.swift; sourceTree = "<group>"; };
		3DA458142BDD37B00032D811 /* Toast.swift */ = {isa = PBXFileReference; lastKnownFileType = sourcecode.swift; path = Toast.swift; sourceTree = "<group>"; };
		3DB948FF2BD3EFDF00144D04 /* Driver.swift */ = {isa = PBXFileReference; lastKnownFileType = sourcecode.swift; path = Driver.swift; sourceTree = "<group>"; };
		3DB949042BD3FAE100144D04 /* GIF.swift */ = {isa = PBXFileReference; lastKnownFileType = sourcecode.swift; path = GIF.swift; sourceTree = "<group>"; };
		3DB949082BD4D6AC00144D04 /* DutyAPI.swift */ = {isa = PBXFileReference; lastKnownFileType = sourcecode.swift; path = DutyAPI.swift; sourceTree = "<group>"; };
		3DB9490A2BD4D74400144D04 /* DutySession.swift */ = {isa = PBXFileReference; lastKnownFileType = sourcecode.swift; path = DutySession.swift; sourceTree = "<group>"; };
		3DB9490C2BD68FA000144D04 /* Ticket.swift */ = {isa = PBXFileReference; lastKnownFileType = sourcecode.swift; path = Ticket.swift; sourceTree = "<group>"; };
		3DB9490E2BD68FD400144D04 /* TicketAPI.swift */ = {isa = PBXFileReference; lastKnownFileType = sourcecode.swift; path = TicketAPI.swift; sourceTree = "<group>"; };
		3DD1B7172BD7D71100BEFDF2 /* NetworkMonitor.swift */ = {isa = PBXFileReference; lastKnownFileType = sourcecode.swift; path = NetworkMonitor.swift; sourceTree = "<group>"; };
		3DD1B7192BD7F7C300BEFDF2 /* CheckNetwork.swift */ = {isa = PBXFileReference; lastKnownFileType = sourcecode.swift; path = CheckNetwork.swift; sourceTree = "<group>"; };
		3DE687E72BBBA4E000C89FE3 /* InforRoute.swift */ = {isa = PBXFileReference; lastKnownFileType = sourcecode.swift; path = InforRoute.swift; sourceTree = "<group>"; };
		3DE687E92BBBF28C00C89FE3 /* BarBackCustom.swift */ = {isa = PBXFileReference; lastKnownFileType = sourcecode.swift; path = BarBackCustom.swift; sourceTree = "<group>"; };
		3DE687EB2BBC010700C89FE3 /* WidthSpacer.swift */ = {isa = PBXFileReference; lastKnownFileType = sourcecode.swift; path = WidthSpacer.swift; sourceTree = "<group>"; };
		3DF325D02BB4FA0700BD62A1 /* Balance.swift */ = {isa = PBXFileReference; lastKnownFileType = sourcecode.swift; path = Balance.swift; sourceTree = "<group>"; };
		3DF325D22BB57E7600BD62A1 /* DetailBusRoute.swift */ = {isa = PBXFileReference; lastKnownFileType = sourcecode.swift; path = DetailBusRoute.swift; sourceTree = "<group>"; };
		3DF325D42BB581DD00BD62A1 /* TopTabNavigation.swift */ = {isa = PBXFileReference; lastKnownFileType = sourcecode.swift; path = TopTabNavigation.swift; sourceTree = "<group>"; };
		3DF325D62BB5A5FE00BD62A1 /* CustomRowStopStatic.swift */ = {isa = PBXFileReference; lastKnownFileType = sourcecode.swift; path = CustomRowStopStatic.swift; sourceTree = "<group>"; };
		3DF940312BC80C0200B97C33 /* PhotoPicker.swift */ = {isa = PBXFileReference; lastKnownFileType = sourcecode.swift; path = PhotoPicker.swift; sourceTree = "<group>"; };
		3DF940332BC812A100B97C33 /* TEST.swift */ = {isa = PBXFileReference; lastKnownFileType = sourcecode.swift; path = TEST.swift; sourceTree = "<group>"; };
		3DF940352BC81C5700B97C33 /* TripHistoryRow.swift */ = {isa = PBXFileReference; lastKnownFileType = sourcecode.swift; path = TripHistoryRow.swift; sourceTree = "<group>"; };
/* End PBXFileReference section */

/* Begin PBXFrameworksBuildPhase section */
		3D080F502BA016F0009C7D56 /* Frameworks */ = {
			isa = PBXFrameworksBuildPhase;
			buildActionMask = 2147483647;
			files = (
				3DE687E52BBB10FA00C89FE3 /* SlidingTabView in Frameworks */,
			);
			runOnlyForDeploymentPostprocessing = 0;
		};
/* End PBXFrameworksBuildPhase section */

/* Begin PBXGroup section */
		3D080F4A2BA016F0009C7D56 = {
			isa = PBXGroup;
			children = (
				3D080F552BA016F0009C7D56 /* Bus */,
				3D080F542BA016F0009C7D56 /* Products */,
			);
			sourceTree = "<group>";
		};
		3D080F542BA016F0009C7D56 /* Products */ = {
			isa = PBXGroup;
			children = (
				3D080F532BA016F0009C7D56 /* Bus.app */,
			);
			name = Products;
			sourceTree = "<group>";
		};
		3D080F552BA016F0009C7D56 /* Bus */ = {
			isa = PBXGroup;
			children = (
				3D080F562BA016F0009C7D56 /* BusApp.swift */,
				3DB949032BD3FACE00144D04 /* GIF */,
				3D7522302BD155770028178F /* FaceIDAuthentication.swift */,
				3DD1B7172BD7D71100BEFDF2 /* NetworkMonitor.swift */,
				3D3CF7B72BB189930016B916 /* Fonts */,
				3D5D74672BCD84BE0043DB14 /* CircleCheckmarkParameters.swift */,
				3D080F7A2BA1B5E8009C7D56 /* NavigationManager.swift */,
				3D78A9D42BB7C416005ED9B4 /* DataHolder.swift */,
				3D080F6B2BA04450009C7D56 /* Reuseable */,
				3D080F642BA0194E009C7D56 /* Views */,
				3D080F7D2BA7E5BD009C7D56 /* Models */,
				3D080F5A2BA016F2009C7D56 /* Assets.xcassets */,
				3D080F5C2BA016F2009C7D56 /* Preview Content */,
			);
			path = Bus;
			sourceTree = "<group>";
		};
		3D080F5C2BA016F2009C7D56 /* Preview Content */ = {
			isa = PBXGroup;
			children = (
				3D080F5D2BA016F2009C7D56 /* Preview Assets.xcassets */,
			);
			path = "Preview Content";
			sourceTree = "<group>";
		};
		3D080F642BA0194E009C7D56 /* Views */ = {
			isa = PBXGroup;
			children = (
				3D080F672BA01A05009C7D56 /* SplashScreen.swift */,
				3D080F582BA016F0009C7D56 /* ContentView.swift */,
				3D71DF092BDE78DF00CB4FBA /* Scanner */,
				3D71DEFF2BDE3BE700CB4FBA /* Tab */,
				3DB948FE2BD3EFA900144D04 /* Driver */,
				3D78A9CB2BB63DB6005ED9B4 /* navigationScreen */,
				3D5D74642BCD6B640043DB14 /* TEST */,
				3D3CF7A62BB1134D0016B916 /* components */,
				3D080F692BA01D47009C7D56 /* Login.swift */,
				3D080F722BA095AC009C7D56 /* SignUp.swift */,
				3D080F802BA948CB009C7D56 /* ConfirmOTPMail.swift */,
				3D3B3AE92BC038BD00627F37 /* BuyTicket.swift */,
				3D3B3ADD2BBEA06E00627F37 /* Money.swift */,
				3D5D74602BCD10320043DB14 /* DetailBuyTicket.swift */,
				3D32776F2BC8D31F0063E1CD /* FavoriteScreen.swift */,
				3DF325D22BB57E7600BD62A1 /* DetailBusRoute.swift */,
				3D3B3AE12BBEF88000627F37 /* PaymentHistory.swift */,
				3D75222E2BD101610028178F /* DetailPaymentHistory.swift */,
				3DD1B7192BD7F7C300BEFDF2 /* CheckNetwork.swift */,
				3DA4580F2BDBF41E0032D811 /* TripHistory.swift */,
				3D080F742BA0AE0B009C7D56 /* FillInInformation.swift */,
			);
			path = Views;
			sourceTree = "<group>";
		};
		3D080F6B2BA04450009C7D56 /* Reuseable */ = {
			isa = PBXGroup;
			children = (
				3DA458132BDD37220032D811 /* Toast */,
				3D71438B2BD8F5AF00189986 /* Dropdown */,
				3DE687E62BBBA09D00C89FE3 /* components */,
				3D7522292BD00D590028178F /* AlertBuyTicket */,
				3D080F6E2BA044B0009C7D56 /* ReuseableTextField.swift */,
				3D080F702BA04E6B009C7D56 /* ReuseableButton.swift */,
				3D080F782BA1A988009C7D56 /* DateTimePickerTextField.swift */,
				3D080F842BA9CFC0009C7D56 /* ToastM.swift */,
				3D080F862BAC8113009C7D56 /* GenderField.swift */,
				3D3CF7B12BB124FE0016B916 /* ReusableImage.swift */,
				3D3CF7B32BB16B620016B916 /* ReusableSearchbar.swift */,
				3D3CF7B52BB17B630016B916 /* ReusableFunc.swift */,
				3D3CF7BF2BB31A980016B916 /* RouteRow.swift */,
				3DF325D02BB4FA0700BD62A1 /* Balance.swift */,
				3DF325D42BB581DD00BD62A1 /* TopTabNavigation.swift */,
				3DF325D62BB5A5FE00BD62A1 /* CustomRowStopStatic.swift */,
				3DE687E92BBBF28C00C89FE3 /* BarBackCustom.swift */,
				3DE687EB2BBC010700C89FE3 /* WidthSpacer.swift */,
				3D3B3ADF2BBEAAE400627F37 /* Denomination.swift */,
				3D3B3AE32BBFE1AE00627F37 /* PaymentHistoryRow.swift */,
				3D3B3AE52BBFE8E900627F37 /* HeightSpacer.swift */,
				3D09F2B52BC6A42600974321 /* ProfileRow.swift */,
				3DF940352BC81C5700B97C33 /* TripHistoryRow.swift */,
			);
			path = Reuseable;
			sourceTree = "<group>";
		};
		3D080F7D2BA7E5BD009C7D56 /* Models */ = {
			isa = PBXGroup;
			children = (
				3D71DF042BDE788000CB4FBA /* Permisssion */,
				3D3CF7C32BB3BC130016B916 /* api */,
				3D080F7E2BA7E638009C7D56 /* User.swift */,
				3D080F822BA9A6A5009C7D56 /* Response.swift */,
				3D3CF7C12BB3BAF60016B916 /* BusRoute.swift */,
				3D78A9D22BB7041C005ED9B4 /* BusRouteDetail.swift */,
				3D1FB5E12BBE29A8007711FE /* QRCodeFetching.swift */,
				3D2732242BC61B7500134467 /* Favorites.swift */,
				3D2732262BC61E3000134467 /* Database.swift */,
				3DF940312BC80C0200B97C33 /* PhotoPicker.swift */,
				3D75222C2BD0151F0028178F /* Transaction.swift */,
				3DB9490A2BD4D74400144D04 /* DutySession.swift */,
				3DB9490C2BD68FA000144D04 /* Ticket.swift */,
				3D7143902BD9ED0600189986 /* Vehicle.swift */,
				3DA458112BDCEE070032D811 /* Session.swift */,
				3D71DF102BDF886000CB4FBA /* Trip.swift */,
			);
			path = Models;
			sourceTree = "<group>";
		};
		3D3CF7A62BB1134D0016B916 /* components */ = {
			isa = PBXGroup;
			children = (
				3D3CF7A92BB11B730016B916 /* Home.swift */,
				3D3CF7AB2BB11F1C0016B916 /* Payment.swift */,
				3D3CF7AD2BB11F290016B916 /* Route.swift */,
				3D3CF7AF2BB11F320016B916 /* Account.swift */,
			);
			path = components;
			sourceTree = "<group>";
		};
		3D3CF7B72BB189930016B916 /* Fonts */ = {
			isa = PBXGroup;
			children = (
				3D3CF7BB2BB190EE0016B916 /* PlayfairDisplay-Regular.ttf */,
				3D3CF7B92BB18F4A0016B916 /* NotoSerifDisplay-VariableFont_wdth,wght.ttf */,
				3D3CF7B82BB189A40016B916 /* PlayfairDisplay-VariableFont_wght.ttf */,
				3D3CF7BD2BB1917D0016B916 /* PlayfairDisplay-SemiBold.ttf */,
			);
			path = Fonts;
			sourceTree = "<group>";
		};
		3D3CF7C32BB3BC130016B916 /* api */ = {
			isa = PBXGroup;
			children = (
				3D3CF7C42BB3BC7F0016B916 /* BusRoutesApi.swift */,
				3D78A9CE2BB6715B005ED9B4 /* LoginApi.swift */,
				3D78A9D02BB70302005ED9B4 /* BusRouteDetailApi.swift */,
				3D78A9D82BB9445A005ED9B4 /* CombinedBusRoutesAPI.swift */,
				3D3B3AE72BBFFFD000627F37 /* VNPayApi.swift */,
				3D09F2B72BC6A60800974321 /* UserAPI.swift */,
				3D5D74622BCD27D60043DB14 /* TransactionAPI.swift */,
				3DB949082BD4D6AC00144D04 /* DutyAPI.swift */,
				3DB9490E2BD68FD400144D04 /* TicketAPI.swift */,
				3D7143942BD9ED5300189986 /* VehicleAPI.swift */,
				3D71DF122BDF8B3A00CB4FBA /* TripAPI.swift */,
			);
			path = api;
			sourceTree = "<group>";
		};
		3D5D74642BCD6B640043DB14 /* TEST */ = {
			isa = PBXGroup;
			children = (
				3D644B302BE33BF4004EBC6B /* New Group */,
				3D78A9DA2BB97355005ED9B4 /* demoView.swift */,
				3DF940332BC812A100B97C33 /* TEST.swift */,
				3D5D746B2BCEC8FE0043DB14 /* test2.swift */,
				3D5D746D2BCECD530043DB14 /* test3.swift */,
				3D5D746F2BCECD5A0043DB14 /* test4.swift */,
				3D71438E2BD9E2AA00189986 /* testDropdown.swift */,
				3D71DF022BDE3DBF00CB4FBA /* test5.swift */,
				3D71DF0E2BDE7E7500CB4FBA /* test6.swift */,
				3D71DF142BDFE03300CB4FBA /* testLogin.swift */,
				3D644B332BE3499E004EBC6B /* testScannerView.swift */,
			);
			path = TEST;
			sourceTree = "<group>";
		};
		3D644B302BE33BF4004EBC6B /* New Group */ = {
			isa = PBXGroup;
			children = (
				3D644B312BE33C00004EBC6B /* TestToast.swift */,
			);
			path = "New Group";
			sourceTree = "<group>";
		};
		3D71438B2BD8F5AF00189986 /* Dropdown */ = {
			isa = PBXGroup;
			children = (
				3D71438C2BD8F5C200189986 /* Dropdown.swift */,
				3D7143962BDA755100189986 /* DropdownBus.swift */,
			);
			path = Dropdown;
			sourceTree = "<group>";
		};
		3D71DEFF2BDE3BE700CB4FBA /* Tab */ = {
			isa = PBXGroup;
			children = (
				3D3CF7A72BB113610016B916 /* TabViewNavigation.swift */,
				3D71DF002BDE3C1300CB4FBA /* CustomTabNavDriver.swift */,
			);
			path = Tab;
			sourceTree = "<group>";
		};
		3D71DF042BDE788000CB4FBA /* Permisssion */ = {
			isa = PBXGroup;
			children = (
				3D71DF052BDE789E00CB4FBA /* Permission.swift */,
				3D71DF072BDE78BE00CB4FBA /* QRScannerDelegate.swift */,
			);
			path = Permisssion;
			sourceTree = "<group>";
		};
		3D71DF092BDE78DF00CB4FBA /* Scanner */ = {
			isa = PBXGroup;
			children = (
				3D71DF0A2BDE78F000CB4FBA /* CameraView.swift */,
				3D71DF0C2BDE790300CB4FBA /* ScannerView.swift */,
			);
			path = Scanner;
			sourceTree = "<group>";
		};
		3D7522292BD00D590028178F /* AlertBuyTicket */ = {
			isa = PBXGroup;
			children = (
				3D7522272BCF725A0028178F /* AlertPaymentSuccess.swift */,
				3D75222A2BD00D7B0028178F /* AlertPaymentFailed.swift */,
			);
			path = AlertBuyTicket;
			sourceTree = "<group>";
		};
		3D78A9CB2BB63DB6005ED9B4 /* navigationScreen */ = {
			isa = PBXGroup;
			children = (
				3D78A9CC2BB63DD2005ED9B4 /* StopRoute.swift */,
				3DE687E72BBBA4E000C89FE3 /* InforRoute.swift */,
			);
			path = navigationScreen;
			sourceTree = "<group>";
		};
		3DA458132BDD37220032D811 /* Toast */ = {
			isa = PBXGroup;
			children = (
				3DA458142BDD37B00032D811 /* Toast.swift */,
			);
			path = Toast;
			sourceTree = "<group>";
		};
		3DB948FE2BD3EFA900144D04 /* Driver */ = {
			isa = PBXGroup;
			children = (
				3DB948FF2BD3EFDF00144D04 /* Driver.swift */,
			);
			path = Driver;
			sourceTree = "<group>";
		};
		3DB949032BD3FACE00144D04 /* GIF */ = {
			isa = PBXGroup;
			children = (
				3DB949042BD3FAE100144D04 /* GIF.swift */,
			);
			path = GIF;
			sourceTree = "<group>";
		};
		3DE687E62BBBA09D00C89FE3 /* components */ = {
			isa = PBXGroup;
			children = (
				3D5D74652BCD74D70043DB14 /* CustomCircleCheckmark.swift */,
				3D5D74692BCE8B320043DB14 /* CustomCircleFailed.swift */,
			);
			path = components;
			sourceTree = "<group>";
		};
/* End PBXGroup section */

/* Begin PBXNativeTarget section */
		3D080F522BA016F0009C7D56 /* Bus */ = {
			isa = PBXNativeTarget;
			buildConfigurationList = 3D080F612BA016F2009C7D56 /* Build configuration list for PBXNativeTarget "Bus" */;
			buildPhases = (
				3D080F4F2BA016F0009C7D56 /* Sources */,
				3D080F502BA016F0009C7D56 /* Frameworks */,
				3D080F512BA016F0009C7D56 /* Resources */,
			);
			buildRules = (
			);
			dependencies = (
			);
			name = Bus;
			packageProductDependencies = (
				3DE687E42BBB10FA00C89FE3 /* SlidingTabView */,
			);
			productName = Bus;
			productReference = 3D080F532BA016F0009C7D56 /* Bus.app */;
			productType = "com.apple.product-type.application";
		};
/* End PBXNativeTarget section */

/* Begin PBXProject section */
		3D080F4B2BA016F0009C7D56 /* Project object */ = {
			isa = PBXProject;
			attributes = {
				BuildIndependentTargetsInParallel = 1;
				LastSwiftUpdateCheck = 1430;
				LastUpgradeCheck = 1430;
				TargetAttributes = {
					3D080F522BA016F0009C7D56 = {
						CreatedOnToolsVersion = 14.3.1;
					};
				};
			};
			buildConfigurationList = 3D080F4E2BA016F0009C7D56 /* Build configuration list for PBXProject "ConvenientBus" */;
			compatibilityVersion = "Xcode 14.0";
			developmentRegion = en;
			hasScannedForEncodings = 0;
			knownRegions = (
				en,
				Base,
			);
			mainGroup = 3D080F4A2BA016F0009C7D56;
			packageReferences = (
				3DE687E32BBB10FA00C89FE3 /* XCRemoteSwiftPackageReference "SlidingTabView" */,
			);
			productRefGroup = 3D080F542BA016F0009C7D56 /* Products */;
			projectDirPath = "";
			projectRoot = "";
			targets = (
				3D080F522BA016F0009C7D56 /* Bus */,
			);
		};
/* End PBXProject section */

/* Begin PBXResourcesBuildPhase section */
		3D080F512BA016F0009C7D56 /* Resources */ = {
			isa = PBXResourcesBuildPhase;
			buildActionMask = 2147483647;
			files = (
				3D3CF7BC2BB190EE0016B916 /* PlayfairDisplay-Regular.ttf in Resources */,
				3D080F5E2BA016F2009C7D56 /* Preview Assets.xcassets in Resources */,
				3D3CF7BE2BB1917D0016B916 /* PlayfairDisplay-SemiBold.ttf in Resources */,
				3D080F5B2BA016F2009C7D56 /* Assets.xcassets in Resources */,
				3D3CF7BA2BB18F4A0016B916 /* NotoSerifDisplay-VariableFont_wdth,wght.ttf in Resources */,
			);
			runOnlyForDeploymentPostprocessing = 0;
		};
/* End PBXResourcesBuildPhase section */

/* Begin PBXSourcesBuildPhase section */
		3D080F4F2BA016F0009C7D56 /* Sources */ = {
			isa = PBXSourcesBuildPhase;
			buildActionMask = 2147483647;
			files = (
				3D7143912BD9ED0600189986 /* Vehicle.swift in Sources */,
				3D3B3AE42BBFE1AE00627F37 /* PaymentHistoryRow.swift in Sources */,
				3D3CF7C02BB31A980016B916 /* RouteRow.swift in Sources */,
				3D080F732BA095AD009C7D56 /* SignUp.swift in Sources */,
				3D080F682BA01A05009C7D56 /* SplashScreen.swift in Sources */,
				3D080F592BA016F0009C7D56 /* ContentView.swift in Sources */,
				3D09F2B82BC6A60800974321 /* UserAPI.swift in Sources */,
				3D75222D2BD0151F0028178F /* Transaction.swift in Sources */,
				3D080F872BAC8113009C7D56 /* GenderField.swift in Sources */,
				3D644B342BE3499E004EBC6B /* testScannerView.swift in Sources */,
				3D71DF012BDE3C1300CB4FBA /* CustomTabNavDriver.swift in Sources */,
				3DB9490B2BD4D74400144D04 /* DutySession.swift in Sources */,
				3D3CF7B42BB16B620016B916 /* ReusableSearchbar.swift in Sources */,
				3D71438F2BD9E2AA00189986 /* testDropdown.swift in Sources */,
				3D78A9D12BB70302005ED9B4 /* BusRouteDetailApi.swift in Sources */,
				3DA458152BDD37B00032D811 /* Toast.swift in Sources */,
				3D71DF0B2BDE78F100CB4FBA /* CameraView.swift in Sources */,
				3DE687EA2BBBF28C00C89FE3 /* BarBackCustom.swift in Sources */,
				3D080F812BA948CB009C7D56 /* ConfirmOTPMail.swift in Sources */,
				3D1FB5E22BBE29A8007711FE /* QRCodeFetching.swift in Sources */,
				3D7522312BD155770028178F /* FaceIDAuthentication.swift in Sources */,
				3D3CF7B02BB11F320016B916 /* Account.swift in Sources */,
				3D71DF0D2BDE790300CB4FBA /* ScannerView.swift in Sources */,
				3D78A9D32BB7041C005ED9B4 /* BusRouteDetail.swift in Sources */,
				3D080F572BA016F0009C7D56 /* BusApp.swift in Sources */,
				3D3CF7AA2BB11B730016B916 /* Home.swift in Sources */,
				3D080F6F2BA044B0009C7D56 /* ReuseableTextField.swift in Sources */,
				3D7143972BDA755100189986 /* DropdownBus.swift in Sources */,
				3D3CF7C52BB3BC7F0016B916 /* BusRoutesApi.swift in Sources */,
				3D71DF062BDE789E00CB4FBA /* Permission.swift in Sources */,
				3D080F832BA9A6A5009C7D56 /* Response.swift in Sources */,
				3D75222B2BD00D7B0028178F /* AlertPaymentFailed.swift in Sources */,
				3D78A9DB2BB97355005ED9B4 /* demoView.swift in Sources */,
				3DF940322BC80C0200B97C33 /* PhotoPicker.swift in Sources */,
				3DF940362BC81C5700B97C33 /* TripHistoryRow.swift in Sources */,
				3DB949092BD4D6AC00144D04 /* DutyAPI.swift in Sources */,
				3DF325D12BB4FA0700BD62A1 /* Balance.swift in Sources */,
				3DF940342BC812A100B97C33 /* TEST.swift in Sources */,
				3DE687E82BBBA4E000C89FE3 /* InforRoute.swift in Sources */,
				3D5D746E2BCECD530043DB14 /* test3.swift in Sources */,
				3D7143952BD9ED5300189986 /* VehicleAPI.swift in Sources */,
				3DA458122BDCEE070032D811 /* Session.swift in Sources */,
				3D080F712BA04E6B009C7D56 /* ReuseableButton.swift in Sources */,
				3DF325D32BB57E7600BD62A1 /* DetailBusRoute.swift in Sources */,
				3D080F792BA1A988009C7D56 /* DateTimePickerTextField.swift in Sources */,
				3DB949002BD3EFDF00144D04 /* Driver.swift in Sources */,
				3D78A9D92BB9445A005ED9B4 /* CombinedBusRoutesAPI.swift in Sources */,
				3D71DF0F2BDE7E7500CB4FBA /* test6.swift in Sources */,
				3D71DF132BDF8B3A00CB4FBA /* TripAPI.swift in Sources */,
				3DF325D72BB5A5FF00BD62A1 /* CustomRowStopStatic.swift in Sources */,
				3DB9490D2BD68FA000144D04 /* Ticket.swift in Sources */,
				3D644B322BE33C00004EBC6B /* TestToast.swift in Sources */,
				3D3CF7A82BB113610016B916 /* TabViewNavigation.swift in Sources */,
				3DD1B71A2BD7F7C300BEFDF2 /* CheckNetwork.swift in Sources */,
				3D75222F2BD101610028178F /* DetailPaymentHistory.swift in Sources */,
				3D3B3AE62BBFE8E900627F37 /* HeightSpacer.swift in Sources */,
				3D5D74682BCD84BE0043DB14 /* CircleCheckmarkParameters.swift in Sources */,
				3D3B3AE02BBEAAE400627F37 /* Denomination.swift in Sources */,
				3D71DF082BDE78BE00CB4FBA /* QRScannerDelegate.swift in Sources */,
				3D080F752BA0AE0B009C7D56 /* FillInInformation.swift in Sources */,
				3DA458102BDBF41E0032D811 /* TripHistory.swift in Sources */,
				3D2732272BC61E3000134467 /* Database.swift in Sources */,
				3DB949052BD3FAE100144D04 /* GIF.swift in Sources */,
				3D78A9CD2BB63DD2005ED9B4 /* StopRoute.swift in Sources */,
				3D3CF7B22BB124FE0016B916 /* ReusableImage.swift in Sources */,
				3D3CF7C22BB3BAF60016B916 /* BusRoute.swift in Sources */,
				3D2732252BC61B7500134467 /* Favorites.swift in Sources */,
				3D3277702BC8D31F0063E1CD /* FavoriteScreen.swift in Sources */,
				3D3B3AE82BBFFFD000627F37 /* VNPayApi.swift in Sources */,
				3D71DF152BDFE03300CB4FBA /* testLogin.swift in Sources */,
				3DB9490F2BD68FD400144D04 /* TicketAPI.swift in Sources */,
				3D080F6A2BA01D47009C7D56 /* Login.swift in Sources */,
				3D5D746A2BCE8B320043DB14 /* CustomCircleFailed.swift in Sources */,
				3DD1B7182BD7D71100BEFDF2 /* NetworkMonitor.swift in Sources */,
				3D78A9D52BB7C416005ED9B4 /* DataHolder.swift in Sources */,
				3D080F7F2BA7E638009C7D56 /* User.swift in Sources */,
				3D71DF032BDE3DBF00CB4FBA /* test5.swift in Sources */,
				3D5D74662BCD74D70043DB14 /* CustomCircleCheckmark.swift in Sources */,
				3D3B3AEA2BC038BD00627F37 /* BuyTicket.swift in Sources */,
				3DE687EC2BBC010700C89FE3 /* WidthSpacer.swift in Sources */,
				3DF325D52BB581DD00BD62A1 /* TopTabNavigation.swift in Sources */,
				3D080F7B2BA1B5E8009C7D56 /* NavigationManager.swift in Sources */,
				3D3B3AE22BBEF88000627F37 /* PaymentHistory.swift in Sources */,
				3D09F2B62BC6A42600974321 /* ProfileRow.swift in Sources */,
				3D71438D2BD8F5C300189986 /* Dropdown.swift in Sources */,
				3D3CF7AC2BB11F1C0016B916 /* Payment.swift in Sources */,
				3D7522282BCF725A0028178F /* AlertPaymentSuccess.swift in Sources */,
				3D71DF112BDF886000CB4FBA /* Trip.swift in Sources */,
				3D78A9CF2BB6715B005ED9B4 /* LoginApi.swift in Sources */,
				3D5D746C2BCEC8FE0043DB14 /* test2.swift in Sources */,
				3D080F852BA9CFC0009C7D56 /* ToastM.swift in Sources */,
				3D5D74612BCD10320043DB14 /* DetailBuyTicket.swift in Sources */,
				3D3B3ADE2BBEA06E00627F37 /* Money.swift in Sources */,
				3D5D74702BCECD5A0043DB14 /* test4.swift in Sources */,
				3D3CF7AE2BB11F290016B916 /* Route.swift in Sources */,
				3D5D74632BCD27D60043DB14 /* TransactionAPI.swift in Sources */,
				3D3CF7B62BB17B640016B916 /* ReusableFunc.swift in Sources */,
			);
			runOnlyForDeploymentPostprocessing = 0;
		};
/* End PBXSourcesBuildPhase section */

/* Begin XCBuildConfiguration section */
		3D080F5F2BA016F2009C7D56 /* Debug */ = {
			isa = XCBuildConfiguration;
			buildSettings = {
				ALWAYS_SEARCH_USER_PATHS = NO;
				CLANG_ANALYZER_NONNULL = YES;
				CLANG_ANALYZER_NUMBER_OBJECT_CONVERSION = YES_AGGRESSIVE;
				CLANG_CXX_LANGUAGE_STANDARD = "gnu++20";
				CLANG_ENABLE_MODULES = YES;
				CLANG_ENABLE_OBJC_ARC = YES;
				CLANG_ENABLE_OBJC_WEAK = YES;
				CLANG_WARN_BLOCK_CAPTURE_AUTORELEASING = YES;
				CLANG_WARN_BOOL_CONVERSION = YES;
				CLANG_WARN_COMMA = YES;
				CLANG_WARN_CONSTANT_CONVERSION = YES;
				CLANG_WARN_DEPRECATED_OBJC_IMPLEMENTATIONS = YES;
				CLANG_WARN_DIRECT_OBJC_ISA_USAGE = YES_ERROR;
				CLANG_WARN_DOCUMENTATION_COMMENTS = YES;
				CLANG_WARN_EMPTY_BODY = YES;
				CLANG_WARN_ENUM_CONVERSION = YES;
				CLANG_WARN_INFINITE_RECURSION = YES;
				CLANG_WARN_INT_CONVERSION = YES;
				CLANG_WARN_NON_LITERAL_NULL_CONVERSION = YES;
				CLANG_WARN_OBJC_IMPLICIT_RETAIN_SELF = YES;
				CLANG_WARN_OBJC_LITERAL_CONVERSION = YES;
				CLANG_WARN_OBJC_ROOT_CLASS = YES_ERROR;
				CLANG_WARN_QUOTED_INCLUDE_IN_FRAMEWORK_HEADER = YES;
				CLANG_WARN_RANGE_LOOP_ANALYSIS = YES;
				CLANG_WARN_STRICT_PROTOTYPES = YES;
				CLANG_WARN_SUSPICIOUS_MOVE = YES;
				CLANG_WARN_UNGUARDED_AVAILABILITY = YES_AGGRESSIVE;
				CLANG_WARN_UNREACHABLE_CODE = YES;
				CLANG_WARN__DUPLICATE_METHOD_MATCH = YES;
				COPY_PHASE_STRIP = NO;
				DEBUG_INFORMATION_FORMAT = dwarf;
				ENABLE_STRICT_OBJC_MSGSEND = YES;
				ENABLE_TESTABILITY = YES;
				GCC_C_LANGUAGE_STANDARD = gnu11;
				GCC_DYNAMIC_NO_PIC = NO;
				GCC_NO_COMMON_BLOCKS = YES;
				GCC_OPTIMIZATION_LEVEL = 0;
				GCC_PREPROCESSOR_DEFINITIONS = (
					"DEBUG=1",
					"$(inherited)",
				);
				GCC_WARN_64_TO_32_BIT_CONVERSION = YES;
				GCC_WARN_ABOUT_RETURN_TYPE = YES_ERROR;
				GCC_WARN_UNDECLARED_SELECTOR = YES;
				GCC_WARN_UNINITIALIZED_AUTOS = YES_AGGRESSIVE;
				GCC_WARN_UNUSED_FUNCTION = YES;
				GCC_WARN_UNUSED_VARIABLE = YES;
				IPHONEOS_DEPLOYMENT_TARGET = 15.0;
				MTL_ENABLE_DEBUG_INFO = INCLUDE_SOURCE;
				MTL_FAST_MATH = YES;
				ONLY_ACTIVE_ARCH = YES;
				SDKROOT = iphoneos;
				SWIFT_ACTIVE_COMPILATION_CONDITIONS = DEBUG;
				SWIFT_OPTIMIZATION_LEVEL = "-Onone";
			};
			name = Debug;
		};
		3D080F602BA016F2009C7D56 /* Release */ = {
			isa = XCBuildConfiguration;
			buildSettings = {
				ALWAYS_SEARCH_USER_PATHS = NO;
				CLANG_ANALYZER_NONNULL = YES;
				CLANG_ANALYZER_NUMBER_OBJECT_CONVERSION = YES_AGGRESSIVE;
				CLANG_CXX_LANGUAGE_STANDARD = "gnu++20";
				CLANG_ENABLE_MODULES = YES;
				CLANG_ENABLE_OBJC_ARC = YES;
				CLANG_ENABLE_OBJC_WEAK = YES;
				CLANG_WARN_BLOCK_CAPTURE_AUTORELEASING = YES;
				CLANG_WARN_BOOL_CONVERSION = YES;
				CLANG_WARN_COMMA = YES;
				CLANG_WARN_CONSTANT_CONVERSION = YES;
				CLANG_WARN_DEPRECATED_OBJC_IMPLEMENTATIONS = YES;
				CLANG_WARN_DIRECT_OBJC_ISA_USAGE = YES_ERROR;
				CLANG_WARN_DOCUMENTATION_COMMENTS = YES;
				CLANG_WARN_EMPTY_BODY = YES;
				CLANG_WARN_ENUM_CONVERSION = YES;
				CLANG_WARN_INFINITE_RECURSION = YES;
				CLANG_WARN_INT_CONVERSION = YES;
				CLANG_WARN_NON_LITERAL_NULL_CONVERSION = YES;
				CLANG_WARN_OBJC_IMPLICIT_RETAIN_SELF = YES;
				CLANG_WARN_OBJC_LITERAL_CONVERSION = YES;
				CLANG_WARN_OBJC_ROOT_CLASS = YES_ERROR;
				CLANG_WARN_QUOTED_INCLUDE_IN_FRAMEWORK_HEADER = YES;
				CLANG_WARN_RANGE_LOOP_ANALYSIS = YES;
				CLANG_WARN_STRICT_PROTOTYPES = YES;
				CLANG_WARN_SUSPICIOUS_MOVE = YES;
				CLANG_WARN_UNGUARDED_AVAILABILITY = YES_AGGRESSIVE;
				CLANG_WARN_UNREACHABLE_CODE = YES;
				CLANG_WARN__DUPLICATE_METHOD_MATCH = YES;
				COPY_PHASE_STRIP = NO;
				DEBUG_INFORMATION_FORMAT = "dwarf-with-dsym";
				ENABLE_NS_ASSERTIONS = NO;
				ENABLE_STRICT_OBJC_MSGSEND = YES;
				GCC_C_LANGUAGE_STANDARD = gnu11;
				GCC_NO_COMMON_BLOCKS = YES;
				GCC_WARN_64_TO_32_BIT_CONVERSION = YES;
				GCC_WARN_ABOUT_RETURN_TYPE = YES_ERROR;
				GCC_WARN_UNDECLARED_SELECTOR = YES;
				GCC_WARN_UNINITIALIZED_AUTOS = YES_AGGRESSIVE;
				GCC_WARN_UNUSED_FUNCTION = YES;
				GCC_WARN_UNUSED_VARIABLE = YES;
				IPHONEOS_DEPLOYMENT_TARGET = 15.0;
				MTL_ENABLE_DEBUG_INFO = NO;
				MTL_FAST_MATH = YES;
				SDKROOT = iphoneos;
				SWIFT_COMPILATION_MODE = wholemodule;
				SWIFT_OPTIMIZATION_LEVEL = "-O";
				VALIDATE_PRODUCT = YES;
			};
			name = Release;
		};
		3D080F622BA016F2009C7D56 /* Debug */ = {
			isa = XCBuildConfiguration;
			buildSettings = {
				ASSETCATALOG_COMPILER_APPICON_NAME = AppIcon;
				ASSETCATALOG_COMPILER_GLOBAL_ACCENT_COLOR_NAME = AccentColor;
				ASSETCATALOG_COMPILER_INCLUDE_ALL_APPICON_ASSETS = NO;
				CODE_SIGN_IDENTITY = "Apple Development";
				CODE_SIGN_STYLE = Automatic;
				CURRENT_PROJECT_VERSION = 1;
				DEVELOPMENT_ASSET_PATHS = "\"Bus/Preview Content\"";
				DEVELOPMENT_TEAM = 6YB8YUS685;
				ENABLE_PREVIEWS = YES;
				GENERATE_INFOPLIST_FILE = YES;
				INFOPLIST_FILE = Bus/Info.plist;
				INFOPLIST_KEY_CFBundleDisplayName = ConvenientBus;
				INFOPLIST_KEY_LSApplicationCategoryType = "public.app-category.travel";
				INFOPLIST_KEY_NSCameraUsageDescription = "";
				INFOPLIST_KEY_NSFaceIDUsageDescription = "we need to unlock your data";
				INFOPLIST_KEY_UIApplicationSceneManifest_Generation = YES;
				INFOPLIST_KEY_UIApplicationSupportsIndirectInputEvents = YES;
				INFOPLIST_KEY_UISupportedInterfaceOrientations = UIInterfaceOrientationPortrait;
				INFOPLIST_KEY_UISupportedInterfaceOrientations_iPad = "UIInterfaceOrientationLandscapeLeft UIInterfaceOrientationLandscapeRight UIInterfaceOrientationPortrait UIInterfaceOrientationPortraitUpsideDown";
				INFOPLIST_KEY_UIUserInterfaceStyle = "";
				IPHONEOS_DEPLOYMENT_TARGET = 15.0;
				LD_RUNPATH_SEARCH_PATHS = (
					"$(inherited)",
					"@executable_path/Frameworks",
				);
				MARKETING_VERSION = 1.0;
				PRODUCT_BUNDLE_IDENTIFIER = com.nhh.BusC;
				PRODUCT_NAME = "$(TARGET_NAME)";
				PROVISIONING_PROFILE_SPECIFIER = "";
				SWIFT_EMIT_LOC_STRINGS = YES;
				SWIFT_VERSION = 5.0;
				TARGETED_DEVICE_FAMILY = "1,2";
			};
			name = Debug;
		};
		3D080F632BA016F2009C7D56 /* Release */ = {
			isa = XCBuildConfiguration;
			buildSettings = {
				ASSETCATALOG_COMPILER_APPICON_NAME = AppIcon;
				ASSETCATALOG_COMPILER_GLOBAL_ACCENT_COLOR_NAME = AccentColor;
				ASSETCATALOG_COMPILER_INCLUDE_ALL_APPICON_ASSETS = NO;
				CODE_SIGN_IDENTITY = "Apple Development";
				CODE_SIGN_STYLE = Automatic;
				CURRENT_PROJECT_VERSION = 1;
				DEVELOPMENT_ASSET_PATHS = "\"Bus/Preview Content\"";
				DEVELOPMENT_TEAM = 6YB8YUS685;
				ENABLE_PREVIEWS = YES;
				GENERATE_INFOPLIST_FILE = YES;
				INFOPLIST_FILE = Bus/Info.plist;
				INFOPLIST_KEY_CFBundleDisplayName = ConvenientBus;
				INFOPLIST_KEY_LSApplicationCategoryType = "public.app-category.travel";
				INFOPLIST_KEY_NSCameraUsageDescription = "";
				INFOPLIST_KEY_NSFaceIDUsageDescription = "we need to unlock your data";
				INFOPLIST_KEY_UIApplicationSceneManifest_Generation = YES;
				INFOPLIST_KEY_UIApplicationSupportsIndirectInputEvents = YES;
				INFOPLIST_KEY_UISupportedInterfaceOrientations = UIInterfaceOrientationPortrait;
				INFOPLIST_KEY_UISupportedInterfaceOrientations_iPad = "UIInterfaceOrientationLandscapeLeft UIInterfaceOrientationLandscapeRight UIInterfaceOrientationPortrait UIInterfaceOrientationPortraitUpsideDown";
				INFOPLIST_KEY_UIUserInterfaceStyle = "";
				IPHONEOS_DEPLOYMENT_TARGET = 15.0;
				LD_RUNPATH_SEARCH_PATHS = (
					"$(inherited)",
					"@executable_path/Frameworks",
				);
				MARKETING_VERSION = 1.0;
				PRODUCT_BUNDLE_IDENTIFIER = com.nhh.BusC;
				PRODUCT_NAME = "$(TARGET_NAME)";
				PROVISIONING_PROFILE_SPECIFIER = "";
				SWIFT_EMIT_LOC_STRINGS = YES;
				SWIFT_VERSION = 5.0;
				TARGETED_DEVICE_FAMILY = "1,2";
			};
			name = Release;
		};
/* End XCBuildConfiguration section */

/* Begin XCConfigurationList section */
		3D080F4E2BA016F0009C7D56 /* Build configuration list for PBXProject "ConvenientBus" */ = {
			isa = XCConfigurationList;
			buildConfigurations = (
				3D080F5F2BA016F2009C7D56 /* Debug */,
				3D080F602BA016F2009C7D56 /* Release */,
			);
			defaultConfigurationIsVisible = 0;
			defaultConfigurationName = Release;
		};
		3D080F612BA016F2009C7D56 /* Build configuration list for PBXNativeTarget "Bus" */ = {
			isa = XCConfigurationList;
			buildConfigurations = (
				3D080F622BA016F2009C7D56 /* Debug */,
				3D080F632BA016F2009C7D56 /* Release */,
			);
			defaultConfigurationIsVisible = 0;
			defaultConfigurationName = Release;
		};
/* End XCConfigurationList section */

/* Begin XCRemoteSwiftPackageReference section */
		3DE687E32BBB10FA00C89FE3 /* XCRemoteSwiftPackageReference "SlidingTabView" */ = {
			isa = XCRemoteSwiftPackageReference;
			repositoryURL = "https://github.com/QuynhNguyen/SlidingTabView.git";
			requirement = {
				kind = upToNextMajorVersion;
				minimumVersion = 1.0.0;
			};
		};
/* End XCRemoteSwiftPackageReference section */

/* Begin XCSwiftPackageProductDependency section */
		3DE687E42BBB10FA00C89FE3 /* SlidingTabView */ = {
			isa = XCSwiftPackageProductDependency;
			package = 3DE687E32BBB10FA00C89FE3 /* XCRemoteSwiftPackageReference "SlidingTabView" */;
			productName = SlidingTabView;
		};
/* End XCSwiftPackageProductDependency section */
	};
	rootObject = 3D080F4B2BA016F0009C7D56 /* Project object */;
}
